
Microsoft Visual Studio Solution File, Format Version 12.00
# Visual Studio 15
VisualStudioVersion = 15.0.28307.757
MinimumVisualStudioVersion = 10.0.40219.1
Project("{FAE04EC0-301F-11D3-BF4B-00C04F79EFBC}") = "FunnyChrome", "FunnyChrome\FunnyChrome.csproj", "{C043FFF7-5F71-4FFC-989A-E09E18548589}"
EndProject
Project("{2150E333-8FDC-42A3-9474-1A3956D46DE8}") = "Common", "Common", "{349FDBAB-41FE-4F2E-BE09-EE8D2E505782}"
EndProject
Project("{F184B08F-C81C-45F6-A57F-5ABD9991F28F}") = "B_Net", "..\funny_app_csharp\Common\B_Net\B_Net.vbproj", "{499C9509-5D09-4A51-B606-861BEDD735A5}"
EndProject
Project("{2150E333-8FDC-42A3-9474-1A3956D46DE8}") = "Common1", "Common1", "{9EFE90D5-64E5-4B28-B414-0754B9739F12}"
EndProject
Project("{2150E333-8FDC-42A3-9474-1A3956D46DE8}") = "Common2", "Common2", "{84AAB66D-8CE6-421B-94B1-19828949D7CE}"
EndProject
Project("{F184B08F-C81C-45F6-A57F-5ABD9991F28F}") = "B_Data", "..\funny_app_csharp\Common\B_Data\B_Data.vbproj", "{755FA603-FB1E-41E0-AAF9-961A58A91B81}"
EndProject
Project("{F184B08F-C81C-45F6-A57F-5ABD9991F28F}") = "B_Debug", "..\funny_app_csharp\Common\B_Debug\B_Debug.vbproj", "{0BEB3081-92F2-41E9-BC03-96BC0128101F}"
EndProject
Project("{F184B08F-C81C-45F6-A57F-5ABD9991F28F}") = "B_File", "..\funny_app_csharp\Common\B_File\B_File.vbproj", "{C67A973A-0B41-4925-ACFC-07516B1B20C8}"
EndProject
Global
	GlobalSection(SolutionConfigurationPlatforms) = preSolution
		Debug|Any CPU = Debug|Any CPU
		Debug|x64 = Debug|x64
		Debug|x86 = Debug|x86
		Release|Any CPU = Release|Any CPU
		Release|x64 = Release|x64
		Release|x86 = Release|x86
	EndGlobalSection
	GlobalSection(ProjectConfigurationPlatforms) = postSolution
		{C043FFF7-5F71-4FFC-989A-E09E18548589}.Debug|Any CPU.ActiveCfg = Debug|Any CPU
		{C043FFF7-5F71-4FFC-989A-E09E18548589}.Debug|Any CPU.Build.0 = Debug|Any CPU
		{C043FFF7-5F71-4FFC-989A-E09E18548589}.Debug|x64.ActiveCfg = Debug|x64
		{C043FFF7-5F71-4FFC-989A-E09E18548589}.Debug|x64.Build.0 = Debug|x64
		{C043FFF7-5F71-4FFC-989A-E09E18548589}.Debug|x86.ActiveCfg = Debug|x86
		{C043FFF7-5F71-4FFC-989A-E09E18548589}.Debug|x86.Build.0 = Debug|x86
		{C043FFF7-5F71-4FFC-989A-E09E18548589}.Release|Any CPU.ActiveCfg = Release|Any CPU
		{C043FFF7-5F71-4FFC-989A-E09E18548589}.Release|Any CPU.Build.0 = Release|Any CPU
		{C043FFF7-5F71-4FFC-989A-E09E18548589}.Release|x64.ActiveCfg = Release|x64
		{C043FFF7-5F71-4FFC-989A-E09E18548589}.Release|x64.Build.0 = Release|x64
		{C043FFF7-5F71-4FFC-989A-E09E18548589}.Release|x86.ActiveCfg = Release|x86
		{C043FFF7-5F71-4FFC-989A-E09E18548589}.Release|x86.Build.0 = Release|x86
		{499C9509-5D09-4A51-B606-861BEDD735A5}.Debug|Any CPU.ActiveCfg = Debug|Any CPU
		{499C9509-5D09-4A51-B606-861BEDD735A5}.Debug|Any CPU.Build.0 = Debug|Any CPU
		{499C9509-5D09-4A51-B606-861BEDD735A5}.Debug|x64.ActiveCfg = Debug|Any CPU
		{499C9509-5D09-4A51-B606-861BEDD735A5}.Debug|x64.Build.0 = Debug|Any CPU
		{499C9509-5D09-4A51-B606-861BEDD735A5}.Debug|x86.ActiveCfg = Debug|Any CPU
		{499C9509-5D09-4A51-B606-861BEDD735A5}.Debug|x86.Build.0 = Debug|Any CPU
		{499C9509-5D09-4A51-B606-861BEDD735A5}.Release|Any CPU.ActiveCfg = Release|Any CPU
		{499C9509-5D09-4A51-B606-861BEDD735A5}.Release|Any CPU.Build.0 = Release|Any CPU
		{499C9509-5D09-4A51-B606-861BEDD735A5}.Release|x64.ActiveCfg = Release|Any CPU
		{499C9509-5D09-4A51-B606-861BEDD735A5}.Release|x64.Build.0 = Release|Any CPU
		{499C9509-5D09-4A51-B606-861BEDD735A5}.Release|x86.ActiveCfg = Release|Any CPU
		{499C9509-5D09-4A51-B606-861BEDD735A5}.Release|x86.Build.0 = Release|Any CPU
		{755FA603-FB1E-41E0-AAF9-961A58A91B81}.Debug|Any CPU.ActiveCfg = Debug|Any CPU
		{755FA603-FB1E-41E0-AAF9-961A58A91B81}.Debug|Any CPU.Build.0 = Debug|Any CPU
		{755FA603-FB1E-41E0-AAF9-961A58A91B81}.Debug|x64.ActiveCfg = Debug|Any CPU
		{755FA603-FB1E-41E0-AAF9-961A58A91B81}.Debug|x64.Build.0 = Debug|Any CPU
		{755FA603-FB1E-41E0-AAF9-961A58A91B81}.Debug|x86.ActiveCfg = Debug|Any CPU
		{755FA603-FB1E-41E0-AAF9-961A58A91B81}.Debug|x86.Build.0 = Debug|Any CPU
		{755FA603-FB1E-41E0-AAF9-961A58A91B81}.Release|Any CPU.ActiveCfg = Release|Any CPU
		{755FA603-FB1E-41E0-AAF9-961A58A91B81}.Release|Any CPU.Build.0 = Release|Any CPU
		{755FA603-FB1E-41E0-AAF9-961A58A91B81}.Release|x64.ActiveCfg = Release|Any CPU
		{755FA603-FB1E-41E0-AAF9-961A58A91B81}.Release|x64.Build.0 = Release|Any CPU
		{755FA603-FB1E-41E0-AAF9-961A58A91B81}.Release|x86.ActiveCfg = Release|Any CPU
		{755FA603-FB1E-41E0-AAF9-961A58A91B81}.Release|x86.Build.0 = Release|Any CPU
		{0BEB3081-92F2-41E9-BC03-96BC0128101F}.Debug|Any CPU.ActiveCfg = Debug|Any CPU
		{0BEB3081-92F2-41E9-BC03-96BC0128101F}.Debug|Any CPU.Build.0 = Debug|Any CPU
		{0BEB3081-92F2-41E9-BC03-96BC0128101F}.Debug|x64.ActiveCfg = Debug|Any CPU
		{0BEB3081-92F2-41E9-BC03-96BC0128101F}.Debug|x64.Build.0 = Debug|Any CPU
		{0BEB3081-92F2-41E9-BC03-96BC0128101F}.Debug|x86.ActiveCfg = Debug|Any CPU
		{0BEB3081-92F2-41E9-BC03-96BC0128101F}.Debug|x86.Build.0 = Debug|Any CPU
		{0BEB3081-92F2-41E9-BC03-96BC0128101F}.Release|Any CPU.ActiveCfg = Release|Any CPU
		{0BEB3081-92F2-41E9-BC03-96BC0128101F}.Release|Any CPU.Build.0 = Release|Any CPU
		{0BEB3081-92F2-41E9-BC03-96BC0128101F}.Release|x64.ActiveCfg = Release|Any CPU
		{0BEB3081-92F2-41E9-BC03-96BC0128101F}.Release|x64.Build.0 = Release|Any CPU
		{0BEB3081-92F2-41E9-BC03-96BC0128101F}.Release|x86.ActiveCfg = Release|Any CPU
		{0BEB3081-92F2-41E9-BC03-96BC0128101F}.Release|x86.Build.0 = Release|Any CPU
		{C67A973A-0B41-4925-ACFC-07516B1B20C8}.Debug|Any CPU.ActiveCfg = Debug|Any CPU
		{C67A973A-0B41-4925-ACFC-07516B1B20C8}.Debug|Any CPU.Build.0 = Debug|Any CPU
		{C67A973A-0B41-4925-ACFC-07516B1B20C8}.Debug|x64.ActiveCfg = Debug|Any CPU
		{C67A973A-0B41-4925-ACFC-07516B1B20C8}.Debug|x64.Build.0 = Debug|Any CPU
		{C67A973A-0B41-4925-ACFC-07516B1B20C8}.Debug|x86.ActiveCfg = Debug|Any CPU
		{C67A973A-0B41-4925-ACFC-07516B1B20C8}.Debug|x86.Build.0 = Debug|Any CPU
		{C67A973A-0B41-4925-ACFC-07516B1B20C8}.Release|Any CPU.ActiveCfg = Release|Any CPU
		{C67A973A-0B41-4925-ACFC-07516B1B20C8}.Release|Any CPU.Build.0 = Release|Any CPU
		{C67A973A-0B41-4925-ACFC-07516B1B20C8}.Release|x64.ActiveCfg = Release|Any CPU
		{C67A973A-0B41-4925-ACFC-07516B1B20C8}.Release|x64.Build.0 = Release|Any CPU
		{C67A973A-0B41-4925-ACFC-07516B1B20C8}.Release|x86.ActiveCfg = Release|Any CPU
		{C67A973A-0B41-4925-ACFC-07516B1B20C8}.Release|x86.Build.0 = Release|Any CPU
	EndGlobalSection
	GlobalSection(SolutionProperties) = preSolution
		HideSolutionNode = FALSE
	EndGlobalSection
	GlobalSection(NestedProjects) = preSolution
		{499C9509-5D09-4A51-B606-861BEDD735A5} = {349FDBAB-41FE-4F2E-BE09-EE8D2E505782}
		{9EFE90D5-64E5-4B28-B414-0754B9739F12} = {349FDBAB-41FE-4F2E-BE09-EE8D2E505782}
		{84AAB66D-8CE6-421B-94B1-19828949D7CE} = {349FDBAB-41FE-4F2E-BE09-EE8D2E505782}
		{755FA603-FB1E-41E0-AAF9-961A58A91B81} = {9EFE90D5-64E5-4B28-B414-0754B9739F12}
		{0BEB3081-92F2-41E9-BC03-96BC0128101F} = {9EFE90D5-64E5-4B28-B414-0754B9739F12}
		{C67A973A-0B41-4925-ACFC-07516B1B20C8} = {9EFE90D5-64E5-4B28-B414-0754B9739F12}
	EndGlobalSection
	GlobalSection(ExtensibilityGlobals) = postSolution
		SolutionGuid = {DEBCF0D3-6583-4FB1-A303-F197BC29D60E}
	EndGlobalSection
EndGlobal
