
Microsoft Visual Studio Solution File, Format Version 12.00
# Visual Studio 15
VisualStudioVersion = 15.0.28307.757
MinimumVisualStudioVersion = 10.0.40219.1
Project("{F184B08F-C81C-45F6-A57F-5ABD9991F28F}") = "B_File", "..\Common\B_File\B_File.vbproj", "{C67A973A-0B41-4925-ACFC-07516B1B20C8}"
EndProject
Project("{FAE04EC0-301F-11D3-BF4B-00C04F79EFBC}") = "FunnyApp", "FunnyApp.csproj", "{591AFB00-E4CA-4747-9429-45C9B2B6C262}"
EndProject
Project("{FAE04EC0-301F-11D3-BF4B-00C04F79EFBC}") = "FunnyApp_Run", "..\FunnyApp_Run\FunnyApp_Run.csproj", "{ED9F8649-70DE-4D5F-80CE-2D6FE0C8C39D}"
EndProject
Project("{F184B08F-C81C-45F6-A57F-5ABD9991F28F}") = "B_Math", "..\Common\B_Math\B_Math.vbproj", "{B06D4729-2FA4-48D0-B9FC-D871A42027D8}"
EndProject
Project("{2150E333-8FDC-42A3-9474-1A3956D46DE8}") = "Common", "Common", "{B90DD973-DEF2-4803-8EC0-899DB257AA6E}"
EndProject
Project("{F184B08F-C81C-45F6-A57F-5ABD9991F28F}") = "B_TreapVB", "..\Common\CommonTreapVB\B_TreapVB.vbproj", "{C29DE218-7553-4124-A831-8ADC683FE2D2}"
EndProject
Project("{F184B08F-C81C-45F6-A57F-5ABD9991F28F}") = "B_Data", "..\Common\B_Data\B_Data.vbproj", "{755FA603-FB1E-41E0-AAF9-961A58A91B81}"
EndProject
Project("{F184B08F-C81C-45F6-A57F-5ABD9991F28F}") = "B_String", "..\Common\B_String\B_String.vbproj", "{FC2B9F69-99D8-4D7B-89CB-156962AF9A9C}"
EndProject
Project("{F184B08F-C81C-45F6-A57F-5ABD9991F28F}") = "B_Array", "..\Common\B_Array\B_Array.vbproj", "{ED4C640D-C1E6-4214-8DA4-8B5AF2439A3A}"
EndProject
Project("{FAE04EC0-301F-11D3-BF4B-00C04F79EFBC}") = "ScriptDemo", "..\Common\ScriptDemo\ScriptDemo.csproj", "{660A13E3-6480-4FD6-8AA5-3D6D39487EBD}"
EndProject
Project("{F184B08F-C81C-45F6-A57F-5ABD9991F28F}") = "B_Net", "..\Common\B_Net\B_Net.vbproj", "{499C9509-5D09-4A51-B606-861BEDD735A5}"
EndProject
Project("{F184B08F-C81C-45F6-A57F-5ABD9991F28F}") = "B_Debug", "..\Common\B_Debug\B_Debug.vbproj", "{0BEB3081-92F2-41E9-BC03-96BC0128101F}"
EndProject
Project("{F184B08F-C81C-45F6-A57F-5ABD9991F28F}") = "B_XML", "..\Common\B_XML\B_XML.vbproj", "{8C8FFB12-99C8-4C62-8FFC-E754720D0D26}"
EndProject
Project("{FAE04EC0-301F-11D3-BF4B-00C04F79EFBC}") = "SharpSSH_happyli", "..\Common\SharpSSH\SharpSSH_happyli.csproj", "{60E60144-6F67-4F37-9EB0-B8C43A391C5C}"
EndProject
Project("{FAE04EC0-301F-11D3-BF4B-00C04F79EFBC}") = "ShellControl", "..\Common\ShellControl\ShellControl\ShellControl.csproj", "{5338B18B-1781-418F-A1CC-9BD95A65A3BA}"
EndProject
Project("{F184B08F-C81C-45F6-A57F-5ABD9991F28F}") = "B_IniFile", "..\Common\B_IniFile\B_IniFile.vbproj", "{CBDE9274-9D0B-4200-AACD-FC544B313675}"
EndProject
Project("{FAE04EC0-301F-11D3-BF4B-00C04F79EFBC}") = "Funny_App_Design", "..\FunnyApp_Design\Funny_App_Design.csproj", "{E637CBC9-C665-4042-BEE8-EA26F474EA14}"
EndProject
Project("{FAE04EC0-301F-11D3-BF4B-00C04F79EFBC}") = "SocketIOClient2", "..\SocketIOClient2\SocketIOClient2.csproj", "{04B406FE-F45A-4463-A567-D947688DD28F}"
EndProject
Project("{FAE04EC0-301F-11D3-BF4B-00C04F79EFBC}") = "FunnyFav", "..\FunnyFav\FunnyFav.csproj", "{B90B92FC-7BC0-4EA4-A6CD-FE0FF0CC27E2}"
EndProject
Project("{FAE04EC0-301F-11D3-BF4B-00C04F79EFBC}") = "CS_Encrypt", "..\Common\CS_Encrypt\CS_Encrypt.csproj", "{B3044F21-739C-4715-B897-8DE6536CA3A9}"
EndProject
Project("{F184B08F-C81C-45F6-A57F-5ABD9991F28F}") = "B_Token", "..\Common\B_Token\B_Token.vbproj", "{10574E23-9A18-4986-8F21-60266C08F6C9}"
EndProject
Project("{F184B08F-C81C-45F6-A57F-5ABD9991F28F}") = "B_Segmentation", "..\..\..\happyli\Project\Common\B_Segmentation\B_Segmentation.vbproj", "{322709A3-E8DC-43E9-98A9-3AB926665D32}"
EndProject
Project("{2150E333-8FDC-42A3-9474-1A3956D46DE8}") = "Common1", "Common1", "{C8BBB0DE-7CAE-4E50-8669-05CA0DB359E4}"
EndProject
Project("{2150E333-8FDC-42A3-9474-1A3956D46DE8}") = "Common2", "Common2", "{3C6A51C4-E612-47E0-B1A5-5034DB7D96FE}"
EndProject
Project("{2150E333-8FDC-42A3-9474-1A3956D46DE8}") = "Common3", "Common3", "{81EE3A36-D42F-4920-9A24-75F85FA73490}"
EndProject
Project("{2150E333-8FDC-42A3-9474-1A3956D46DE8}") = "Common4", "Common4", "{2509BD28-7AD9-4029-80FB-3BA11668A091}"
EndProject
Project("{FAE04EC0-301F-11D3-BF4B-00C04F79EFBC}") = "FunnyChrome", "..\FunnyChrome\FunnyChrome\FunnyChrome.csproj", "{C043FFF7-5F71-4FFC-989A-E09E18548589}"
EndProject
Project("{2150E333-8FDC-42A3-9474-1A3956D46DE8}") = "Aforge", "Aforge", "{62768C95-8CE2-4293-B977-E3219445CE42}"
EndProject
Project("{FAE04EC0-301F-11D3-BF4B-00C04F79EFBC}") = "Core", "..\Common\aforge_Sources\Core\Core.csproj", "{631AC093-430F-45F4-BA0C-AF0F0405918A}"
EndProject
Project("{FAE04EC0-301F-11D3-BF4B-00C04F79EFBC}") = "Math", "..\Common\aforge_Sources\Math\Math.csproj", "{C0FAF524-72E4-46F7-8C1B-A6B74DEC5EBE}"
EndProject
Project("{FAE04EC0-301F-11D3-BF4B-00C04F79EFBC}") = "Imaging", "..\Common\aforge_Sources\Imaging\Imaging.csproj", "{C6A8B9AE-0749-41C7-8FF9-02C156696F45}"
EndProject
Project("{FAE04EC0-301F-11D3-BF4B-00C04F79EFBC}") = "Test_TCP", "..\Test_TCP\Test_TCP.csproj", "{838B15A3-2457-47BA-981C-293C6D4DD1B2}"
EndProject
Project("{FAE04EC0-301F-11D3-BF4B-00C04F79EFBC}") = "funny_js", "..\funny_js\funny_js.csproj", "{D291E8B1-B858-437D-97A0-20F6861F5A14}"
EndProject
Global
	GlobalSection(SolutionConfigurationPlatforms) = preSolution
		Debug|Any CPU = Debug|Any CPU
		Debug|Mixed Platforms = Debug|Mixed Platforms
		Debug|x64 = Debug|x64
		Debug|x86 = Debug|x86
		Release|Any CPU = Release|Any CPU
		Release|Mixed Platforms = Release|Mixed Platforms
		Release|x64 = Release|x64
		Release|x86 = Release|x86
	EndGlobalSection
	GlobalSection(ProjectConfigurationPlatforms) = postSolution
		{C67A973A-0B41-4925-ACFC-07516B1B20C8}.Debug|Any CPU.ActiveCfg = Debug|Any CPU
		{C67A973A-0B41-4925-ACFC-07516B1B20C8}.Debug|Any CPU.Build.0 = Debug|Any CPU
		{C67A973A-0B41-4925-ACFC-07516B1B20C8}.Debug|Mixed Platforms.ActiveCfg = Debug|Any CPU
		{C67A973A-0B41-4925-ACFC-07516B1B20C8}.Debug|Mixed Platforms.Build.0 = Debug|Any CPU
		{C67A973A-0B41-4925-ACFC-07516B1B20C8}.Debug|x64.ActiveCfg = Debug|Any CPU
		{C67A973A-0B41-4925-ACFC-07516B1B20C8}.Debug|x64.Build.0 = Debug|Any CPU
		{C67A973A-0B41-4925-ACFC-07516B1B20C8}.Debug|x86.ActiveCfg = Debug|Any CPU
		{C67A973A-0B41-4925-ACFC-07516B1B20C8}.Debug|x86.Build.0 = Debug|Any CPU
		{C67A973A-0B41-4925-ACFC-07516B1B20C8}.Release|Any CPU.ActiveCfg = Release|Any CPU
		{C67A973A-0B41-4925-ACFC-07516B1B20C8}.Release|Any CPU.Build.0 = Release|Any CPU
		{C67A973A-0B41-4925-ACFC-07516B1B20C8}.Release|Mixed Platforms.ActiveCfg = Release|Any CPU
		{C67A973A-0B41-4925-ACFC-07516B1B20C8}.Release|Mixed Platforms.Build.0 = Release|Any CPU
		{C67A973A-0B41-4925-ACFC-07516B1B20C8}.Release|x64.ActiveCfg = Release|Any CPU
		{C67A973A-0B41-4925-ACFC-07516B1B20C8}.Release|x64.Build.0 = Release|Any CPU
		{C67A973A-0B41-4925-ACFC-07516B1B20C8}.Release|x86.ActiveCfg = Release|Any CPU
		{C67A973A-0B41-4925-ACFC-07516B1B20C8}.Release|x86.Build.0 = Release|Any CPU
		{591AFB00-E4CA-4747-9429-45C9B2B6C262}.Debug|Any CPU.ActiveCfg = Debug|Any CPU
		{591AFB00-E4CA-4747-9429-45C9B2B6C262}.Debug|Any CPU.Build.0 = Debug|Any CPU
		{591AFB00-E4CA-4747-9429-45C9B2B6C262}.Debug|Mixed Platforms.ActiveCfg = Debug|Any CPU
		{591AFB00-E4CA-4747-9429-45C9B2B6C262}.Debug|Mixed Platforms.Build.0 = Debug|Any CPU
		{591AFB00-E4CA-4747-9429-45C9B2B6C262}.Debug|x64.ActiveCfg = Debug|x64
		{591AFB00-E4CA-4747-9429-45C9B2B6C262}.Debug|x64.Build.0 = Debug|x64
		{591AFB00-E4CA-4747-9429-45C9B2B6C262}.Debug|x86.ActiveCfg = Debug|Any CPU
		{591AFB00-E4CA-4747-9429-45C9B2B6C262}.Debug|x86.Build.0 = Debug|Any CPU
		{591AFB00-E4CA-4747-9429-45C9B2B6C262}.Release|Any CPU.ActiveCfg = Release|Any CPU
		{591AFB00-E4CA-4747-9429-45C9B2B6C262}.Release|Any CPU.Build.0 = Release|Any CPU
		{591AFB00-E4CA-4747-9429-45C9B2B6C262}.Release|Mixed Platforms.ActiveCfg = Release|Any CPU
		{591AFB00-E4CA-4747-9429-45C9B2B6C262}.Release|Mixed Platforms.Build.0 = Release|Any CPU
		{591AFB00-E4CA-4747-9429-45C9B2B6C262}.Release|x64.ActiveCfg = Release|x64
		{591AFB00-E4CA-4747-9429-45C9B2B6C262}.Release|x64.Build.0 = Release|x64
		{591AFB00-E4CA-4747-9429-45C9B2B6C262}.Release|x86.ActiveCfg = Release|Any CPU
		{591AFB00-E4CA-4747-9429-45C9B2B6C262}.Release|x86.Build.0 = Release|Any CPU
		{ED9F8649-70DE-4D5F-80CE-2D6FE0C8C39D}.Debug|Any CPU.ActiveCfg = Debug|Any CPU
		{ED9F8649-70DE-4D5F-80CE-2D6FE0C8C39D}.Debug|Any CPU.Build.0 = Debug|Any CPU
		{ED9F8649-70DE-4D5F-80CE-2D6FE0C8C39D}.Debug|Mixed Platforms.ActiveCfg = Debug|Any CPU
		{ED9F8649-70DE-4D5F-80CE-2D6FE0C8C39D}.Debug|Mixed Platforms.Build.0 = Debug|Any CPU
		{ED9F8649-70DE-4D5F-80CE-2D6FE0C8C39D}.Debug|x64.ActiveCfg = Debug|Any CPU
		{ED9F8649-70DE-4D5F-80CE-2D6FE0C8C39D}.Debug|x64.Build.0 = Debug|Any CPU
		{ED9F8649-70DE-4D5F-80CE-2D6FE0C8C39D}.Debug|x86.ActiveCfg = Debug|Any CPU
		{ED9F8649-70DE-4D5F-80CE-2D6FE0C8C39D}.Debug|x86.Build.0 = Debug|Any CPU
		{ED9F8649-70DE-4D5F-80CE-2D6FE0C8C39D}.Release|Any CPU.ActiveCfg = Release|Any CPU
		{ED9F8649-70DE-4D5F-80CE-2D6FE0C8C39D}.Release|Any CPU.Build.0 = Release|Any CPU
		{ED9F8649-70DE-4D5F-80CE-2D6FE0C8C39D}.Release|Mixed Platforms.ActiveCfg = Release|Any CPU
		{ED9F8649-70DE-4D5F-80CE-2D6FE0C8C39D}.Release|Mixed Platforms.Build.0 = Release|Any CPU
		{ED9F8649-70DE-4D5F-80CE-2D6FE0C8C39D}.Release|x64.ActiveCfg = Release|Any CPU
		{ED9F8649-70DE-4D5F-80CE-2D6FE0C8C39D}.Release|x64.Build.0 = Release|Any CPU
		{ED9F8649-70DE-4D5F-80CE-2D6FE0C8C39D}.Release|x86.ActiveCfg = Release|Any CPU
		{ED9F8649-70DE-4D5F-80CE-2D6FE0C8C39D}.Release|x86.Build.0 = Release|Any CPU
		{B06D4729-2FA4-48D0-B9FC-D871A42027D8}.Debug|Any CPU.ActiveCfg = Debug|Any CPU
		{B06D4729-2FA4-48D0-B9FC-D871A42027D8}.Debug|Any CPU.Build.0 = Debug|Any CPU
		{B06D4729-2FA4-48D0-B9FC-D871A42027D8}.Debug|Mixed Platforms.ActiveCfg = Debug|Any CPU
		{B06D4729-2FA4-48D0-B9FC-D871A42027D8}.Debug|Mixed Platforms.Build.0 = Debug|Any CPU
		{B06D4729-2FA4-48D0-B9FC-D871A42027D8}.Debug|x64.ActiveCfg = Debug|Any CPU
		{B06D4729-2FA4-48D0-B9FC-D871A42027D8}.Debug|x64.Build.0 = Debug|Any CPU
		{B06D4729-2FA4-48D0-B9FC-D871A42027D8}.Debug|x86.ActiveCfg = Debug|Any CPU
		{B06D4729-2FA4-48D0-B9FC-D871A42027D8}.Debug|x86.Build.0 = Debug|Any CPU
		{B06D4729-2FA4-48D0-B9FC-D871A42027D8}.Release|Any CPU.ActiveCfg = Release|Any CPU
		{B06D4729-2FA4-48D0-B9FC-D871A42027D8}.Release|Any CPU.Build.0 = Release|Any CPU
		{B06D4729-2FA4-48D0-B9FC-D871A42027D8}.Release|Mixed Platforms.ActiveCfg = Release|Any CPU
		{B06D4729-2FA4-48D0-B9FC-D871A42027D8}.Release|Mixed Platforms.Build.0 = Release|Any CPU
		{B06D4729-2FA4-48D0-B9FC-D871A42027D8}.Release|x64.ActiveCfg = Release|Any CPU
		{B06D4729-2FA4-48D0-B9FC-D871A42027D8}.Release|x64.Build.0 = Release|Any CPU
		{B06D4729-2FA4-48D0-B9FC-D871A42027D8}.Release|x86.ActiveCfg = Release|Any CPU
		{B06D4729-2FA4-48D0-B9FC-D871A42027D8}.Release|x86.Build.0 = Release|Any CPU
		{C29DE218-7553-4124-A831-8ADC683FE2D2}.Debug|Any CPU.ActiveCfg = Debug|Any CPU
		{C29DE218-7553-4124-A831-8ADC683FE2D2}.Debug|Any CPU.Build.0 = Debug|Any CPU
		{C29DE218-7553-4124-A831-8ADC683FE2D2}.Debug|Mixed Platforms.ActiveCfg = Debug|Any CPU
		{C29DE218-7553-4124-A831-8ADC683FE2D2}.Debug|Mixed Platforms.Build.0 = Debug|Any CPU
		{C29DE218-7553-4124-A831-8ADC683FE2D2}.Debug|x64.ActiveCfg = Debug|Any CPU
		{C29DE218-7553-4124-A831-8ADC683FE2D2}.Debug|x64.Build.0 = Debug|Any CPU
		{C29DE218-7553-4124-A831-8ADC683FE2D2}.Debug|x86.ActiveCfg = Debug|Any CPU
		{C29DE218-7553-4124-A831-8ADC683FE2D2}.Debug|x86.Build.0 = Debug|Any CPU
		{C29DE218-7553-4124-A831-8ADC683FE2D2}.Release|Any CPU.ActiveCfg = Release|Any CPU
		{C29DE218-7553-4124-A831-8ADC683FE2D2}.Release|Any CPU.Build.0 = Release|Any CPU
		{C29DE218-7553-4124-A831-8ADC683FE2D2}.Release|Mixed Platforms.ActiveCfg = Release|Any CPU
		{C29DE218-7553-4124-A831-8ADC683FE2D2}.Release|Mixed Platforms.Build.0 = Release|Any CPU
		{C29DE218-7553-4124-A831-8ADC683FE2D2}.Release|x64.ActiveCfg = Release|Any CPU
		{C29DE218-7553-4124-A831-8ADC683FE2D2}.Release|x64.Build.0 = Release|Any CPU
		{C29DE218-7553-4124-A831-8ADC683FE2D2}.Release|x86.ActiveCfg = Release|Any CPU
		{C29DE218-7553-4124-A831-8ADC683FE2D2}.Release|x86.Build.0 = Release|Any CPU
		{755FA603-FB1E-41E0-AAF9-961A58A91B81}.Debug|Any CPU.ActiveCfg = Debug|Any CPU
		{755FA603-FB1E-41E0-AAF9-961A58A91B81}.Debug|Any CPU.Build.0 = Debug|Any CPU
		{755FA603-FB1E-41E0-AAF9-961A58A91B81}.Debug|Mixed Platforms.ActiveCfg = Debug|Any CPU
		{755FA603-FB1E-41E0-AAF9-961A58A91B81}.Debug|Mixed Platforms.Build.0 = Debug|Any CPU
		{755FA603-FB1E-41E0-AAF9-961A58A91B81}.Debug|x64.ActiveCfg = Debug|Any CPU
		{755FA603-FB1E-41E0-AAF9-961A58A91B81}.Debug|x64.Build.0 = Debug|Any CPU
		{755FA603-FB1E-41E0-AAF9-961A58A91B81}.Debug|x86.ActiveCfg = Debug|Any CPU
		{755FA603-FB1E-41E0-AAF9-961A58A91B81}.Debug|x86.Build.0 = Debug|Any CPU
		{755FA603-FB1E-41E0-AAF9-961A58A91B81}.Release|Any CPU.ActiveCfg = Release|Any CPU
		{755FA603-FB1E-41E0-AAF9-961A58A91B81}.Release|Any CPU.Build.0 = Release|Any CPU
		{755FA603-FB1E-41E0-AAF9-961A58A91B81}.Release|Mixed Platforms.ActiveCfg = Release|Any CPU
		{755FA603-FB1E-41E0-AAF9-961A58A91B81}.Release|Mixed Platforms.Build.0 = Release|Any CPU
		{755FA603-FB1E-41E0-AAF9-961A58A91B81}.Release|x64.ActiveCfg = Release|Any CPU
		{755FA603-FB1E-41E0-AAF9-961A58A91B81}.Release|x64.Build.0 = Release|Any CPU
		{755FA603-FB1E-41E0-AAF9-961A58A91B81}.Release|x86.ActiveCfg = Release|Any CPU
		{755FA603-FB1E-41E0-AAF9-961A58A91B81}.Release|x86.Build.0 = Release|Any CPU
		{FC2B9F69-99D8-4D7B-89CB-156962AF9A9C}.Debug|Any CPU.ActiveCfg = Debug|Any CPU
		{FC2B9F69-99D8-4D7B-89CB-156962AF9A9C}.Debug|Any CPU.Build.0 = Debug|Any CPU
		{FC2B9F69-99D8-4D7B-89CB-156962AF9A9C}.Debug|Mixed Platforms.ActiveCfg = Debug|Any CPU
		{FC2B9F69-99D8-4D7B-89CB-156962AF9A9C}.Debug|Mixed Platforms.Build.0 = Debug|Any CPU
		{FC2B9F69-99D8-4D7B-89CB-156962AF9A9C}.Debug|x64.ActiveCfg = Debug|Any CPU
		{FC2B9F69-99D8-4D7B-89CB-156962AF9A9C}.Debug|x64.Build.0 = Debug|Any CPU
		{FC2B9F69-99D8-4D7B-89CB-156962AF9A9C}.Debug|x86.ActiveCfg = Debug|Any CPU
		{FC2B9F69-99D8-4D7B-89CB-156962AF9A9C}.Debug|x86.Build.0 = Debug|Any CPU
		{FC2B9F69-99D8-4D7B-89CB-156962AF9A9C}.Release|Any CPU.ActiveCfg = Release|Any CPU
		{FC2B9F69-99D8-4D7B-89CB-156962AF9A9C}.Release|Any CPU.Build.0 = Release|Any CPU
		{FC2B9F69-99D8-4D7B-89CB-156962AF9A9C}.Release|Mixed Platforms.ActiveCfg = Release|Any CPU
		{FC2B9F69-99D8-4D7B-89CB-156962AF9A9C}.Release|Mixed Platforms.Build.0 = Release|Any CPU
		{FC2B9F69-99D8-4D7B-89CB-156962AF9A9C}.Release|x64.ActiveCfg = Release|Any CPU
		{FC2B9F69-99D8-4D7B-89CB-156962AF9A9C}.Release|x64.Build.0 = Release|Any CPU
		{FC2B9F69-99D8-4D7B-89CB-156962AF9A9C}.Release|x86.ActiveCfg = Release|Any CPU
		{FC2B9F69-99D8-4D7B-89CB-156962AF9A9C}.Release|x86.Build.0 = Release|Any CPU
		{ED4C640D-C1E6-4214-8DA4-8B5AF2439A3A}.Debug|Any CPU.ActiveCfg = Debug|Any CPU
		{ED4C640D-C1E6-4214-8DA4-8B5AF2439A3A}.Debug|Any CPU.Build.0 = Debug|Any CPU
		{ED4C640D-C1E6-4214-8DA4-8B5AF2439A3A}.Debug|Mixed Platforms.ActiveCfg = Debug|Any CPU
		{ED4C640D-C1E6-4214-8DA4-8B5AF2439A3A}.Debug|Mixed Platforms.Build.0 = Debug|Any CPU
		{ED4C640D-C1E6-4214-8DA4-8B5AF2439A3A}.Debug|x64.ActiveCfg = Debug|Any CPU
		{ED4C640D-C1E6-4214-8DA4-8B5AF2439A3A}.Debug|x64.Build.0 = Debug|Any CPU
		{ED4C640D-C1E6-4214-8DA4-8B5AF2439A3A}.Debug|x86.ActiveCfg = Debug|Any CPU
		{ED4C640D-C1E6-4214-8DA4-8B5AF2439A3A}.Debug|x86.Build.0 = Debug|Any CPU
		{ED4C640D-C1E6-4214-8DA4-8B5AF2439A3A}.Release|Any CPU.ActiveCfg = Release|Any CPU
		{ED4C640D-C1E6-4214-8DA4-8B5AF2439A3A}.Release|Any CPU.Build.0 = Release|Any CPU
		{ED4C640D-C1E6-4214-8DA4-8B5AF2439A3A}.Release|Mixed Platforms.ActiveCfg = Release|Any CPU
		{ED4C640D-C1E6-4214-8DA4-8B5AF2439A3A}.Release|Mixed Platforms.Build.0 = Release|Any CPU
		{ED4C640D-C1E6-4214-8DA4-8B5AF2439A3A}.Release|x64.ActiveCfg = Release|Any CPU
		{ED4C640D-C1E6-4214-8DA4-8B5AF2439A3A}.Release|x64.Build.0 = Release|Any CPU
		{ED4C640D-C1E6-4214-8DA4-8B5AF2439A3A}.Release|x86.ActiveCfg = Release|Any CPU
		{ED4C640D-C1E6-4214-8DA4-8B5AF2439A3A}.Release|x86.Build.0 = Release|Any CPU
		{660A13E3-6480-4FD6-8AA5-3D6D39487EBD}.Debug|Any CPU.ActiveCfg = Debug|Any CPU
		{660A13E3-6480-4FD6-8AA5-3D6D39487EBD}.Debug|Any CPU.Build.0 = Debug|Any CPU
		{660A13E3-6480-4FD6-8AA5-3D6D39487EBD}.Debug|Mixed Platforms.ActiveCfg = Debug|Any CPU
		{660A13E3-6480-4FD6-8AA5-3D6D39487EBD}.Debug|Mixed Platforms.Build.0 = Debug|Any CPU
		{660A13E3-6480-4FD6-8AA5-3D6D39487EBD}.Debug|x64.ActiveCfg = Debug|Any CPU
		{660A13E3-6480-4FD6-8AA5-3D6D39487EBD}.Debug|x64.Build.0 = Debug|Any CPU
		{660A13E3-6480-4FD6-8AA5-3D6D39487EBD}.Debug|x86.ActiveCfg = Debug|Any CPU
		{660A13E3-6480-4FD6-8AA5-3D6D39487EBD}.Debug|x86.Build.0 = Debug|Any CPU
		{660A13E3-6480-4FD6-8AA5-3D6D39487EBD}.Release|Any CPU.ActiveCfg = Release|Any CPU
		{660A13E3-6480-4FD6-8AA5-3D6D39487EBD}.Release|Any CPU.Build.0 = Release|Any CPU
		{660A13E3-6480-4FD6-8AA5-3D6D39487EBD}.Release|Mixed Platforms.ActiveCfg = Release|Any CPU
		{660A13E3-6480-4FD6-8AA5-3D6D39487EBD}.Release|Mixed Platforms.Build.0 = Release|Any CPU
		{660A13E3-6480-4FD6-8AA5-3D6D39487EBD}.Release|x64.ActiveCfg = Release|Any CPU
		{660A13E3-6480-4FD6-8AA5-3D6D39487EBD}.Release|x64.Build.0 = Release|Any CPU
		{660A13E3-6480-4FD6-8AA5-3D6D39487EBD}.Release|x86.ActiveCfg = Release|Any CPU
		{660A13E3-6480-4FD6-8AA5-3D6D39487EBD}.Release|x86.Build.0 = Release|Any CPU
		{499C9509-5D09-4A51-B606-861BEDD735A5}.Debug|Any CPU.ActiveCfg = Debug|Any CPU
		{499C9509-5D09-4A51-B606-861BEDD735A5}.Debug|Any CPU.Build.0 = Debug|Any CPU
		{499C9509-5D09-4A51-B606-861BEDD735A5}.Debug|Mixed Platforms.ActiveCfg = Debug|Any CPU
		{499C9509-5D09-4A51-B606-861BEDD735A5}.Debug|Mixed Platforms.Build.0 = Debug|Any CPU
		{499C9509-5D09-4A51-B606-861BEDD735A5}.Debug|x64.ActiveCfg = Debug|Any CPU
		{499C9509-5D09-4A51-B606-861BEDD735A5}.Debug|x64.Build.0 = Debug|Any CPU
		{499C9509-5D09-4A51-B606-861BEDD735A5}.Debug|x86.ActiveCfg = Debug|Any CPU
		{499C9509-5D09-4A51-B606-861BEDD735A5}.Debug|x86.Build.0 = Debug|Any CPU
		{499C9509-5D09-4A51-B606-861BEDD735A5}.Release|Any CPU.ActiveCfg = Release|Any CPU
		{499C9509-5D09-4A51-B606-861BEDD735A5}.Release|Any CPU.Build.0 = Release|Any CPU
		{499C9509-5D09-4A51-B606-861BEDD735A5}.Release|Mixed Platforms.ActiveCfg = Release|Any CPU
		{499C9509-5D09-4A51-B606-861BEDD735A5}.Release|Mixed Platforms.Build.0 = Release|Any CPU
		{499C9509-5D09-4A51-B606-861BEDD735A5}.Release|x64.ActiveCfg = Release|Any CPU
		{499C9509-5D09-4A51-B606-861BEDD735A5}.Release|x64.Build.0 = Release|Any CPU
		{499C9509-5D09-4A51-B606-861BEDD735A5}.Release|x86.ActiveCfg = Release|Any CPU
		{499C9509-5D09-4A51-B606-861BEDD735A5}.Release|x86.Build.0 = Release|Any CPU
		{0BEB3081-92F2-41E9-BC03-96BC0128101F}.Debug|Any CPU.ActiveCfg = Debug|Any CPU
		{0BEB3081-92F2-41E9-BC03-96BC0128101F}.Debug|Any CPU.Build.0 = Debug|Any CPU
		{0BEB3081-92F2-41E9-BC03-96BC0128101F}.Debug|Mixed Platforms.ActiveCfg = Debug|Any CPU
		{0BEB3081-92F2-41E9-BC03-96BC0128101F}.Debug|Mixed Platforms.Build.0 = Debug|Any CPU
		{0BEB3081-92F2-41E9-BC03-96BC0128101F}.Debug|x64.ActiveCfg = Debug|Any CPU
		{0BEB3081-92F2-41E9-BC03-96BC0128101F}.Debug|x64.Build.0 = Debug|Any CPU
		{0BEB3081-92F2-41E9-BC03-96BC0128101F}.Debug|x86.ActiveCfg = Debug|Any CPU
		{0BEB3081-92F2-41E9-BC03-96BC0128101F}.Debug|x86.Build.0 = Debug|Any CPU
		{0BEB3081-92F2-41E9-BC03-96BC0128101F}.Release|Any CPU.ActiveCfg = Release|Any CPU
		{0BEB3081-92F2-41E9-BC03-96BC0128101F}.Release|Any CPU.Build.0 = Release|Any CPU
		{0BEB3081-92F2-41E9-BC03-96BC0128101F}.Release|Mixed Platforms.ActiveCfg = Release|Any CPU
		{0BEB3081-92F2-41E9-BC03-96BC0128101F}.Release|Mixed Platforms.Build.0 = Release|Any CPU
		{0BEB3081-92F2-41E9-BC03-96BC0128101F}.Release|x64.ActiveCfg = Release|Any CPU
		{0BEB3081-92F2-41E9-BC03-96BC0128101F}.Release|x64.Build.0 = Release|Any CPU
		{0BEB3081-92F2-41E9-BC03-96BC0128101F}.Release|x86.ActiveCfg = Release|Any CPU
		{0BEB3081-92F2-41E9-BC03-96BC0128101F}.Release|x86.Build.0 = Release|Any CPU
		{8C8FFB12-99C8-4C62-8FFC-E754720D0D26}.Debug|Any CPU.ActiveCfg = Debug|Any CPU
		{8C8FFB12-99C8-4C62-8FFC-E754720D0D26}.Debug|Any CPU.Build.0 = Debug|Any CPU
		{8C8FFB12-99C8-4C62-8FFC-E754720D0D26}.Debug|Mixed Platforms.ActiveCfg = Debug|Any CPU
		{8C8FFB12-99C8-4C62-8FFC-E754720D0D26}.Debug|Mixed Platforms.Build.0 = Debug|Any CPU
		{8C8FFB12-99C8-4C62-8FFC-E754720D0D26}.Debug|x64.ActiveCfg = Debug|Any CPU
		{8C8FFB12-99C8-4C62-8FFC-E754720D0D26}.Debug|x64.Build.0 = Debug|Any CPU
		{8C8FFB12-99C8-4C62-8FFC-E754720D0D26}.Debug|x86.ActiveCfg = Debug|Any CPU
		{8C8FFB12-99C8-4C62-8FFC-E754720D0D26}.Debug|x86.Build.0 = Debug|Any CPU
		{8C8FFB12-99C8-4C62-8FFC-E754720D0D26}.Release|Any CPU.ActiveCfg = Release|Any CPU
		{8C8FFB12-99C8-4C62-8FFC-E754720D0D26}.Release|Any CPU.Build.0 = Release|Any CPU
		{8C8FFB12-99C8-4C62-8FFC-E754720D0D26}.Release|Mixed Platforms.ActiveCfg = Release|Any CPU
		{8C8FFB12-99C8-4C62-8FFC-E754720D0D26}.Release|Mixed Platforms.Build.0 = Release|Any CPU
		{8C8FFB12-99C8-4C62-8FFC-E754720D0D26}.Release|x64.ActiveCfg = Release|Any CPU
		{8C8FFB12-99C8-4C62-8FFC-E754720D0D26}.Release|x64.Build.0 = Release|Any CPU
		{8C8FFB12-99C8-4C62-8FFC-E754720D0D26}.Release|x86.ActiveCfg = Release|Any CPU
		{8C8FFB12-99C8-4C62-8FFC-E754720D0D26}.Release|x86.Build.0 = Release|Any CPU
		{60E60144-6F67-4F37-9EB0-B8C43A391C5C}.Debug|Any CPU.ActiveCfg = Debug|Any CPU
		{60E60144-6F67-4F37-9EB0-B8C43A391C5C}.Debug|Any CPU.Build.0 = Debug|Any CPU
		{60E60144-6F67-4F37-9EB0-B8C43A391C5C}.Debug|Mixed Platforms.ActiveCfg = Debug|x86
		{60E60144-6F67-4F37-9EB0-B8C43A391C5C}.Debug|Mixed Platforms.Build.0 = Debug|x86
		{60E60144-6F67-4F37-9EB0-B8C43A391C5C}.Debug|x64.ActiveCfg = Debug|Any CPU
		{60E60144-6F67-4F37-9EB0-B8C43A391C5C}.Debug|x64.Build.0 = Debug|Any CPU
		{60E60144-6F67-4F37-9EB0-B8C43A391C5C}.Debug|x86.ActiveCfg = Debug|x86
		{60E60144-6F67-4F37-9EB0-B8C43A391C5C}.Debug|x86.Build.0 = Debug|x86
		{60E60144-6F67-4F37-9EB0-B8C43A391C5C}.Release|Any CPU.ActiveCfg = Release|Any CPU
		{60E60144-6F67-4F37-9EB0-B8C43A391C5C}.Release|Any CPU.Build.0 = Release|Any CPU
		{60E60144-6F67-4F37-9EB0-B8C43A391C5C}.Release|Mixed Platforms.ActiveCfg = Release|x86
		{60E60144-6F67-4F37-9EB0-B8C43A391C5C}.Release|Mixed Platforms.Build.0 = Release|x86
		{60E60144-6F67-4F37-9EB0-B8C43A391C5C}.Release|x64.ActiveCfg = Release|Any CPU
		{60E60144-6F67-4F37-9EB0-B8C43A391C5C}.Release|x64.Build.0 = Release|Any CPU
		{60E60144-6F67-4F37-9EB0-B8C43A391C5C}.Release|x86.ActiveCfg = Release|x86
		{60E60144-6F67-4F37-9EB0-B8C43A391C5C}.Release|x86.Build.0 = Release|x86
		{5338B18B-1781-418F-A1CC-9BD95A65A3BA}.Debug|Any CPU.ActiveCfg = Debug|Any CPU
		{5338B18B-1781-418F-A1CC-9BD95A65A3BA}.Debug|Any CPU.Build.0 = Debug|Any CPU
		{5338B18B-1781-418F-A1CC-9BD95A65A3BA}.Debug|Mixed Platforms.ActiveCfg = Debug|x86
		{5338B18B-1781-418F-A1CC-9BD95A65A3BA}.Debug|Mixed Platforms.Build.0 = Debug|x86
		{5338B18B-1781-418F-A1CC-9BD95A65A3BA}.Debug|x64.ActiveCfg = Debug|Any CPU
		{5338B18B-1781-418F-A1CC-9BD95A65A3BA}.Debug|x64.Build.0 = Debug|Any CPU
		{5338B18B-1781-418F-A1CC-9BD95A65A3BA}.Debug|x86.ActiveCfg = Debug|x86
		{5338B18B-1781-418F-A1CC-9BD95A65A3BA}.Debug|x86.Build.0 = Debug|x86
		{5338B18B-1781-418F-A1CC-9BD95A65A3BA}.Release|Any CPU.ActiveCfg = Release|Any CPU
		{5338B18B-1781-418F-A1CC-9BD95A65A3BA}.Release|Any CPU.Build.0 = Release|Any CPU
		{5338B18B-1781-418F-A1CC-9BD95A65A3BA}.Release|Mixed Platforms.ActiveCfg = Release|x86
		{5338B18B-1781-418F-A1CC-9BD95A65A3BA}.Release|Mixed Platforms.Build.0 = Release|x86
		{5338B18B-1781-418F-A1CC-9BD95A65A3BA}.Release|x64.ActiveCfg = Release|Any CPU
		{5338B18B-1781-418F-A1CC-9BD95A65A3BA}.Release|x64.Build.0 = Release|Any CPU
		{5338B18B-1781-418F-A1CC-9BD95A65A3BA}.Release|x86.ActiveCfg = Release|x86
		{5338B18B-1781-418F-A1CC-9BD95A65A3BA}.Release|x86.Build.0 = Release|x86
		{CBDE9274-9D0B-4200-AACD-FC544B313675}.Debug|Any CPU.ActiveCfg = Debug|Any CPU
		{CBDE9274-9D0B-4200-AACD-FC544B313675}.Debug|Any CPU.Build.0 = Debug|Any CPU
		{CBDE9274-9D0B-4200-AACD-FC544B313675}.Debug|Mixed Platforms.ActiveCfg = Debug|Any CPU
		{CBDE9274-9D0B-4200-AACD-FC544B313675}.Debug|Mixed Platforms.Build.0 = Debug|Any CPU
		{CBDE9274-9D0B-4200-AACD-FC544B313675}.Debug|x64.ActiveCfg = Debug|Any CPU
		{CBDE9274-9D0B-4200-AACD-FC544B313675}.Debug|x64.Build.0 = Debug|Any CPU
		{CBDE9274-9D0B-4200-AACD-FC544B313675}.Debug|x86.ActiveCfg = Debug|Any CPU
		{CBDE9274-9D0B-4200-AACD-FC544B313675}.Debug|x86.Build.0 = Debug|Any CPU
		{CBDE9274-9D0B-4200-AACD-FC544B313675}.Release|Any CPU.ActiveCfg = Release|Any CPU
		{CBDE9274-9D0B-4200-AACD-FC544B313675}.Release|Any CPU.Build.0 = Release|Any CPU
		{CBDE9274-9D0B-4200-AACD-FC544B313675}.Release|Mixed Platforms.ActiveCfg = Release|Any CPU
		{CBDE9274-9D0B-4200-AACD-FC544B313675}.Release|Mixed Platforms.Build.0 = Release|Any CPU
		{CBDE9274-9D0B-4200-AACD-FC544B313675}.Release|x64.ActiveCfg = Release|Any CPU
		{CBDE9274-9D0B-4200-AACD-FC544B313675}.Release|x64.Build.0 = Release|Any CPU
		{CBDE9274-9D0B-4200-AACD-FC544B313675}.Release|x86.ActiveCfg = Release|Any CPU
		{CBDE9274-9D0B-4200-AACD-FC544B313675}.Release|x86.Build.0 = Release|Any CPU
		{E637CBC9-C665-4042-BEE8-EA26F474EA14}.Debug|Any CPU.ActiveCfg = Debug|Any CPU
		{E637CBC9-C665-4042-BEE8-EA26F474EA14}.Debug|Any CPU.Build.0 = Debug|Any CPU
		{E637CBC9-C665-4042-BEE8-EA26F474EA14}.Debug|Mixed Platforms.ActiveCfg = Debug|Any CPU
		{E637CBC9-C665-4042-BEE8-EA26F474EA14}.Debug|Mixed Platforms.Build.0 = Debug|Any CPU
		{E637CBC9-C665-4042-BEE8-EA26F474EA14}.Debug|x64.ActiveCfg = Debug|Any CPU
		{E637CBC9-C665-4042-BEE8-EA26F474EA14}.Debug|x64.Build.0 = Debug|Any CPU
		{E637CBC9-C665-4042-BEE8-EA26F474EA14}.Debug|x86.ActiveCfg = Debug|Any CPU
		{E637CBC9-C665-4042-BEE8-EA26F474EA14}.Debug|x86.Build.0 = Debug|Any CPU
		{E637CBC9-C665-4042-BEE8-EA26F474EA14}.Release|Any CPU.ActiveCfg = Release|Any CPU
		{E637CBC9-C665-4042-BEE8-EA26F474EA14}.Release|Any CPU.Build.0 = Release|Any CPU
		{E637CBC9-C665-4042-BEE8-EA26F474EA14}.Release|Mixed Platforms.ActiveCfg = Release|Any CPU
		{E637CBC9-C665-4042-BEE8-EA26F474EA14}.Release|Mixed Platforms.Build.0 = Release|Any CPU
		{E637CBC9-C665-4042-BEE8-EA26F474EA14}.Release|x64.ActiveCfg = Release|Any CPU
		{E637CBC9-C665-4042-BEE8-EA26F474EA14}.Release|x64.Build.0 = Release|Any CPU
		{E637CBC9-C665-4042-BEE8-EA26F474EA14}.Release|x86.ActiveCfg = Release|Any CPU
		{E637CBC9-C665-4042-BEE8-EA26F474EA14}.Release|x86.Build.0 = Release|Any CPU
		{04B406FE-F45A-4463-A567-D947688DD28F}.Debug|Any CPU.ActiveCfg = Debug|Any CPU
		{04B406FE-F45A-4463-A567-D947688DD28F}.Debug|Any CPU.Build.0 = Debug|Any CPU
		{04B406FE-F45A-4463-A567-D947688DD28F}.Debug|Mixed Platforms.ActiveCfg = Debug|Any CPU
		{04B406FE-F45A-4463-A567-D947688DD28F}.Debug|Mixed Platforms.Build.0 = Debug|Any CPU
		{04B406FE-F45A-4463-A567-D947688DD28F}.Debug|x64.ActiveCfg = Debug|Any CPU
		{04B406FE-F45A-4463-A567-D947688DD28F}.Debug|x64.Build.0 = Debug|Any CPU
		{04B406FE-F45A-4463-A567-D947688DD28F}.Debug|x86.ActiveCfg = Debug|Any CPU
		{04B406FE-F45A-4463-A567-D947688DD28F}.Debug|x86.Build.0 = Debug|Any CPU
		{04B406FE-F45A-4463-A567-D947688DD28F}.Release|Any CPU.ActiveCfg = Release|Any CPU
		{04B406FE-F45A-4463-A567-D947688DD28F}.Release|Any CPU.Build.0 = Release|Any CPU
		{04B406FE-F45A-4463-A567-D947688DD28F}.Release|Mixed Platforms.ActiveCfg = Release|Any CPU
		{04B406FE-F45A-4463-A567-D947688DD28F}.Release|Mixed Platforms.Build.0 = Release|Any CPU
		{04B406FE-F45A-4463-A567-D947688DD28F}.Release|x64.ActiveCfg = Release|Any CPU
		{04B406FE-F45A-4463-A567-D947688DD28F}.Release|x64.Build.0 = Release|Any CPU
		{04B406FE-F45A-4463-A567-D947688DD28F}.Release|x86.ActiveCfg = Release|Any CPU
		{04B406FE-F45A-4463-A567-D947688DD28F}.Release|x86.Build.0 = Release|Any CPU
		{B90B92FC-7BC0-4EA4-A6CD-FE0FF0CC27E2}.Debug|Any CPU.ActiveCfg = Debug|Any CPU
		{B90B92FC-7BC0-4EA4-A6CD-FE0FF0CC27E2}.Debug|Any CPU.Build.0 = Debug|Any CPU
		{B90B92FC-7BC0-4EA4-A6CD-FE0FF0CC27E2}.Debug|Mixed Platforms.ActiveCfg = Debug|Any CPU
		{B90B92FC-7BC0-4EA4-A6CD-FE0FF0CC27E2}.Debug|Mixed Platforms.Build.0 = Debug|Any CPU
		{B90B92FC-7BC0-4EA4-A6CD-FE0FF0CC27E2}.Debug|x64.ActiveCfg = Debug|Any CPU
		{B90B92FC-7BC0-4EA4-A6CD-FE0FF0CC27E2}.Debug|x64.Build.0 = Debug|Any CPU
		{B90B92FC-7BC0-4EA4-A6CD-FE0FF0CC27E2}.Debug|x86.ActiveCfg = Debug|Any CPU
		{B90B92FC-7BC0-4EA4-A6CD-FE0FF0CC27E2}.Debug|x86.Build.0 = Debug|Any CPU
		{B90B92FC-7BC0-4EA4-A6CD-FE0FF0CC27E2}.Release|Any CPU.ActiveCfg = Release|Any CPU
		{B90B92FC-7BC0-4EA4-A6CD-FE0FF0CC27E2}.Release|Any CPU.Build.0 = Release|Any CPU
		{B90B92FC-7BC0-4EA4-A6CD-FE0FF0CC27E2}.Release|Mixed Platforms.ActiveCfg = Release|Any CPU
		{B90B92FC-7BC0-4EA4-A6CD-FE0FF0CC27E2}.Release|Mixed Platforms.Build.0 = Release|Any CPU
		{B90B92FC-7BC0-4EA4-A6CD-FE0FF0CC27E2}.Release|x64.ActiveCfg = Release|Any CPU
		{B90B92FC-7BC0-4EA4-A6CD-FE0FF0CC27E2}.Release|x64.Build.0 = Release|Any CPU
		{B90B92FC-7BC0-4EA4-A6CD-FE0FF0CC27E2}.Release|x86.ActiveCfg = Release|Any CPU
		{B90B92FC-7BC0-4EA4-A6CD-FE0FF0CC27E2}.Release|x86.Build.0 = Release|Any CPU
		{B3044F21-739C-4715-B897-8DE6536CA3A9}.Debug|Any CPU.ActiveCfg = Debug|Any CPU
		{B3044F21-739C-4715-B897-8DE6536CA3A9}.Debug|Any CPU.Build.0 = Debug|Any CPU
		{B3044F21-739C-4715-B897-8DE6536CA3A9}.Debug|Mixed Platforms.ActiveCfg = Debug|Any CPU
		{B3044F21-739C-4715-B897-8DE6536CA3A9}.Debug|Mixed Platforms.Build.0 = Debug|Any CPU
		{B3044F21-739C-4715-B897-8DE6536CA3A9}.Debug|x64.ActiveCfg = Debug|Any CPU
		{B3044F21-739C-4715-B897-8DE6536CA3A9}.Debug|x64.Build.0 = Debug|Any CPU
		{B3044F21-739C-4715-B897-8DE6536CA3A9}.Debug|x86.ActiveCfg = Debug|Any CPU
		{B3044F21-739C-4715-B897-8DE6536CA3A9}.Debug|x86.Build.0 = Debug|Any CPU
		{B3044F21-739C-4715-B897-8DE6536CA3A9}.Release|Any CPU.ActiveCfg = Release|Any CPU
		{B3044F21-739C-4715-B897-8DE6536CA3A9}.Release|Any CPU.Build.0 = Release|Any CPU
		{B3044F21-739C-4715-B897-8DE6536CA3A9}.Release|Mixed Platforms.ActiveCfg = Release|Any CPU
		{B3044F21-739C-4715-B897-8DE6536CA3A9}.Release|Mixed Platforms.Build.0 = Release|Any CPU
		{B3044F21-739C-4715-B897-8DE6536CA3A9}.Release|x64.ActiveCfg = Release|Any CPU
		{B3044F21-739C-4715-B897-8DE6536CA3A9}.Release|x64.Build.0 = Release|Any CPU
		{B3044F21-739C-4715-B897-8DE6536CA3A9}.Release|x86.ActiveCfg = Release|Any CPU
		{B3044F21-739C-4715-B897-8DE6536CA3A9}.Release|x86.Build.0 = Release|Any CPU
		{10574E23-9A18-4986-8F21-60266C08F6C9}.Debug|Any CPU.ActiveCfg = Debug|Any CPU
		{10574E23-9A18-4986-8F21-60266C08F6C9}.Debug|Any CPU.Build.0 = Debug|Any CPU
		{10574E23-9A18-4986-8F21-60266C08F6C9}.Debug|Mixed Platforms.ActiveCfg = Debug|Any CPU
		{10574E23-9A18-4986-8F21-60266C08F6C9}.Debug|Mixed Platforms.Build.0 = Debug|Any CPU
		{10574E23-9A18-4986-8F21-60266C08F6C9}.Debug|x64.ActiveCfg = Debug|Any CPU
		{10574E23-9A18-4986-8F21-60266C08F6C9}.Debug|x64.Build.0 = Debug|Any CPU
		{10574E23-9A18-4986-8F21-60266C08F6C9}.Debug|x86.ActiveCfg = Debug|Any CPU
		{10574E23-9A18-4986-8F21-60266C08F6C9}.Debug|x86.Build.0 = Debug|Any CPU
		{10574E23-9A18-4986-8F21-60266C08F6C9}.Release|Any CPU.ActiveCfg = Release|Any CPU
		{10574E23-9A18-4986-8F21-60266C08F6C9}.Release|Any CPU.Build.0 = Release|Any CPU
		{10574E23-9A18-4986-8F21-60266C08F6C9}.Release|Mixed Platforms.ActiveCfg = Release|Any CPU
		{10574E23-9A18-4986-8F21-60266C08F6C9}.Release|Mixed Platforms.Build.0 = Release|Any CPU
		{10574E23-9A18-4986-8F21-60266C08F6C9}.Release|x64.ActiveCfg = Release|Any CPU
		{10574E23-9A18-4986-8F21-60266C08F6C9}.Release|x64.Build.0 = Release|Any CPU
		{10574E23-9A18-4986-8F21-60266C08F6C9}.Release|x86.ActiveCfg = Release|Any CPU
		{10574E23-9A18-4986-8F21-60266C08F6C9}.Release|x86.Build.0 = Release|Any CPU
		{322709A3-E8DC-43E9-98A9-3AB926665D32}.Debug|Any CPU.ActiveCfg = Debug|Any CPU
		{322709A3-E8DC-43E9-98A9-3AB926665D32}.Debug|Any CPU.Build.0 = Debug|Any CPU
		{322709A3-E8DC-43E9-98A9-3AB926665D32}.Debug|Mixed Platforms.ActiveCfg = Debug|Any CPU
		{322709A3-E8DC-43E9-98A9-3AB926665D32}.Debug|Mixed Platforms.Build.0 = Debug|Any CPU
		{322709A3-E8DC-43E9-98A9-3AB926665D32}.Debug|x64.ActiveCfg = Debug|Any CPU
		{322709A3-E8DC-43E9-98A9-3AB926665D32}.Debug|x64.Build.0 = Debug|Any CPU
		{322709A3-E8DC-43E9-98A9-3AB926665D32}.Debug|x86.ActiveCfg = Debug|Any CPU
		{322709A3-E8DC-43E9-98A9-3AB926665D32}.Debug|x86.Build.0 = Debug|Any CPU
		{322709A3-E8DC-43E9-98A9-3AB926665D32}.Release|Any CPU.ActiveCfg = Release|Any CPU
		{322709A3-E8DC-43E9-98A9-3AB926665D32}.Release|Any CPU.Build.0 = Release|Any CPU
		{322709A3-E8DC-43E9-98A9-3AB926665D32}.Release|Mixed Platforms.ActiveCfg = Release|Any CPU
		{322709A3-E8DC-43E9-98A9-3AB926665D32}.Release|Mixed Platforms.Build.0 = Release|Any CPU
		{322709A3-E8DC-43E9-98A9-3AB926665D32}.Release|x64.ActiveCfg = Release|Any CPU
		{322709A3-E8DC-43E9-98A9-3AB926665D32}.Release|x64.Build.0 = Release|Any CPU
		{322709A3-E8DC-43E9-98A9-3AB926665D32}.Release|x86.ActiveCfg = Release|Any CPU
		{322709A3-E8DC-43E9-98A9-3AB926665D32}.Release|x86.Build.0 = Release|Any CPU
		{C043FFF7-5F71-4FFC-989A-E09E18548589}.Debug|Any CPU.ActiveCfg = Debug|Any CPU
		{C043FFF7-5F71-4FFC-989A-E09E18548589}.Debug|Any CPU.Build.0 = Debug|Any CPU
		{C043FFF7-5F71-4FFC-989A-E09E18548589}.Debug|Mixed Platforms.ActiveCfg = Debug|x86
		{C043FFF7-5F71-4FFC-989A-E09E18548589}.Debug|Mixed Platforms.Build.0 = Debug|x86
		{C043FFF7-5F71-4FFC-989A-E09E18548589}.Debug|x64.ActiveCfg = Debug|x64
		{C043FFF7-5F71-4FFC-989A-E09E18548589}.Debug|x64.Build.0 = Debug|x64
		{C043FFF7-5F71-4FFC-989A-E09E18548589}.Debug|x86.ActiveCfg = Debug|x86
		{C043FFF7-5F71-4FFC-989A-E09E18548589}.Debug|x86.Build.0 = Debug|x86
		{C043FFF7-5F71-4FFC-989A-E09E18548589}.Release|Any CPU.ActiveCfg = Release|Any CPU
		{C043FFF7-5F71-4FFC-989A-E09E18548589}.Release|Any CPU.Build.0 = Release|Any CPU
		{C043FFF7-5F71-4FFC-989A-E09E18548589}.Release|Mixed Platforms.ActiveCfg = Release|x86
		{C043FFF7-5F71-4FFC-989A-E09E18548589}.Release|Mixed Platforms.Build.0 = Release|x86
		{C043FFF7-5F71-4FFC-989A-E09E18548589}.Release|x64.ActiveCfg = Release|x64
		{C043FFF7-5F71-4FFC-989A-E09E18548589}.Release|x64.Build.0 = Release|x64
		{C043FFF7-5F71-4FFC-989A-E09E18548589}.Release|x86.ActiveCfg = Release|x86
		{C043FFF7-5F71-4FFC-989A-E09E18548589}.Release|x86.Build.0 = Release|x86
		{631AC093-430F-45F4-BA0C-AF0F0405918A}.Debug|Any CPU.ActiveCfg = Debug|Any CPU
		{631AC093-430F-45F4-BA0C-AF0F0405918A}.Debug|Any CPU.Build.0 = Debug|Any CPU
		{631AC093-430F-45F4-BA0C-AF0F0405918A}.Debug|Mixed Platforms.ActiveCfg = Debug|Any CPU
		{631AC093-430F-45F4-BA0C-AF0F0405918A}.Debug|Mixed Platforms.Build.0 = Debug|Any CPU
		{631AC093-430F-45F4-BA0C-AF0F0405918A}.Debug|x64.ActiveCfg = Debug|Any CPU
		{631AC093-430F-45F4-BA0C-AF0F0405918A}.Debug|x64.Build.0 = Debug|Any CPU
		{631AC093-430F-45F4-BA0C-AF0F0405918A}.Debug|x86.ActiveCfg = Debug|Any CPU
		{631AC093-430F-45F4-BA0C-AF0F0405918A}.Debug|x86.Build.0 = Debug|Any CPU
		{631AC093-430F-45F4-BA0C-AF0F0405918A}.Release|Any CPU.ActiveCfg = Release|Any CPU
		{631AC093-430F-45F4-BA0C-AF0F0405918A}.Release|Any CPU.Build.0 = Release|Any CPU
		{631AC093-430F-45F4-BA0C-AF0F0405918A}.Release|Mixed Platforms.ActiveCfg = Release|Any CPU
		{631AC093-430F-45F4-BA0C-AF0F0405918A}.Release|Mixed Platforms.Build.0 = Release|Any CPU
		{631AC093-430F-45F4-BA0C-AF0F0405918A}.Release|x64.ActiveCfg = Release|Any CPU
		{631AC093-430F-45F4-BA0C-AF0F0405918A}.Release|x64.Build.0 = Release|Any CPU
		{631AC093-430F-45F4-BA0C-AF0F0405918A}.Release|x86.ActiveCfg = Release|Any CPU
		{631AC093-430F-45F4-BA0C-AF0F0405918A}.Release|x86.Build.0 = Release|Any CPU
		{C0FAF524-72E4-46F7-8C1B-A6B74DEC5EBE}.Debug|Any CPU.ActiveCfg = Debug|Any CPU
		{C0FAF524-72E4-46F7-8C1B-A6B74DEC5EBE}.Debug|Any CPU.Build.0 = Debug|Any CPU
		{C0FAF524-72E4-46F7-8C1B-A6B74DEC5EBE}.Debug|Mixed Platforms.ActiveCfg = Debug|Any CPU
		{C0FAF524-72E4-46F7-8C1B-A6B74DEC5EBE}.Debug|Mixed Platforms.Build.0 = Debug|Any CPU
		{C0FAF524-72E4-46F7-8C1B-A6B74DEC5EBE}.Debug|x64.ActiveCfg = Debug|Any CPU
		{C0FAF524-72E4-46F7-8C1B-A6B74DEC5EBE}.Debug|x64.Build.0 = Debug|Any CPU
		{C0FAF524-72E4-46F7-8C1B-A6B74DEC5EBE}.Debug|x86.ActiveCfg = Debug|Any CPU
		{C0FAF524-72E4-46F7-8C1B-A6B74DEC5EBE}.Debug|x86.Build.0 = Debug|Any CPU
		{C0FAF524-72E4-46F7-8C1B-A6B74DEC5EBE}.Release|Any CPU.ActiveCfg = Release|Any CPU
		{C0FAF524-72E4-46F7-8C1B-A6B74DEC5EBE}.Release|Any CPU.Build.0 = Release|Any CPU
		{C0FAF524-72E4-46F7-8C1B-A6B74DEC5EBE}.Release|Mixed Platforms.ActiveCfg = Release|Any CPU
		{C0FAF524-72E4-46F7-8C1B-A6B74DEC5EBE}.Release|Mixed Platforms.Build.0 = Release|Any CPU
		{C0FAF524-72E4-46F7-8C1B-A6B74DEC5EBE}.Release|x64.ActiveCfg = Release|Any CPU
		{C0FAF524-72E4-46F7-8C1B-A6B74DEC5EBE}.Release|x64.Build.0 = Release|Any CPU
		{C0FAF524-72E4-46F7-8C1B-A6B74DEC5EBE}.Release|x86.ActiveCfg = Release|Any CPU
		{C0FAF524-72E4-46F7-8C1B-A6B74DEC5EBE}.Release|x86.Build.0 = Release|Any CPU
		{C6A8B9AE-0749-41C7-8FF9-02C156696F45}.Debug|Any CPU.ActiveCfg = Debug|Any CPU
		{C6A8B9AE-0749-41C7-8FF9-02C156696F45}.Debug|Any CPU.Build.0 = Debug|Any CPU
		{C6A8B9AE-0749-41C7-8FF9-02C156696F45}.Debug|Mixed Platforms.ActiveCfg = Debug|Any CPU
		{C6A8B9AE-0749-41C7-8FF9-02C156696F45}.Debug|Mixed Platforms.Build.0 = Debug|Any CPU
		{C6A8B9AE-0749-41C7-8FF9-02C156696F45}.Debug|x64.ActiveCfg = Debug|Any CPU
		{C6A8B9AE-0749-41C7-8FF9-02C156696F45}.Debug|x64.Build.0 = Debug|Any CPU
		{C6A8B9AE-0749-41C7-8FF9-02C156696F45}.Debug|x86.ActiveCfg = Debug|Any CPU
		{C6A8B9AE-0749-41C7-8FF9-02C156696F45}.Debug|x86.Build.0 = Debug|Any CPU
		{C6A8B9AE-0749-41C7-8FF9-02C156696F45}.Release|Any CPU.ActiveCfg = Release|Any CPU
		{C6A8B9AE-0749-41C7-8FF9-02C156696F45}.Release|Any CPU.Build.0 = Release|Any CPU
		{C6A8B9AE-0749-41C7-8FF9-02C156696F45}.Release|Mixed Platforms.ActiveCfg = Release|Any CPU
		{C6A8B9AE-0749-41C7-8FF9-02C156696F45}.Release|Mixed Platforms.Build.0 = Release|Any CPU
		{C6A8B9AE-0749-41C7-8FF9-02C156696F45}.Release|x64.ActiveCfg = Release|Any CPU
		{C6A8B9AE-0749-41C7-8FF9-02C156696F45}.Release|x64.Build.0 = Release|Any CPU
		{C6A8B9AE-0749-41C7-8FF9-02C156696F45}.Release|x86.ActiveCfg = Release|Any CPU
		{C6A8B9AE-0749-41C7-8FF9-02C156696F45}.Release|x86.Build.0 = Release|Any CPU
		{838B15A3-2457-47BA-981C-293C6D4DD1B2}.Debug|Any CPU.ActiveCfg = Debug|Any CPU
		{838B15A3-2457-47BA-981C-293C6D4DD1B2}.Debug|Any CPU.Build.0 = Debug|Any CPU
		{838B15A3-2457-47BA-981C-293C6D4DD1B2}.Debug|Mixed Platforms.ActiveCfg = Debug|Any CPU
		{838B15A3-2457-47BA-981C-293C6D4DD1B2}.Debug|Mixed Platforms.Build.0 = Debug|Any CPU
		{838B15A3-2457-47BA-981C-293C6D4DD1B2}.Debug|x64.ActiveCfg = Debug|Any CPU
		{838B15A3-2457-47BA-981C-293C6D4DD1B2}.Debug|x64.Build.0 = Debug|Any CPU
		{838B15A3-2457-47BA-981C-293C6D4DD1B2}.Debug|x86.ActiveCfg = Debug|Any CPU
		{838B15A3-2457-47BA-981C-293C6D4DD1B2}.Debug|x86.Build.0 = Debug|Any CPU
		{838B15A3-2457-47BA-981C-293C6D4DD1B2}.Release|Any CPU.ActiveCfg = Release|Any CPU
		{838B15A3-2457-47BA-981C-293C6D4DD1B2}.Release|Any CPU.Build.0 = Release|Any CPU
		{838B15A3-2457-47BA-981C-293C6D4DD1B2}.Release|Mixed Platforms.ActiveCfg = Release|Any CPU
		{838B15A3-2457-47BA-981C-293C6D4DD1B2}.Release|Mixed Platforms.Build.0 = Release|Any CPU
		{838B15A3-2457-47BA-981C-293C6D4DD1B2}.Release|x64.ActiveCfg = Release|Any CPU
		{838B15A3-2457-47BA-981C-293C6D4DD1B2}.Release|x64.Build.0 = Release|Any CPU
		{838B15A3-2457-47BA-981C-293C6D4DD1B2}.Release|x86.ActiveCfg = Release|Any CPU
		{838B15A3-2457-47BA-981C-293C6D4DD1B2}.Release|x86.Build.0 = Release|Any CPU
		{D291E8B1-B858-437D-97A0-20F6861F5A14}.Debug|Any CPU.ActiveCfg = Debug|Any CPU
		{D291E8B1-B858-437D-97A0-20F6861F5A14}.Debug|Any CPU.Build.0 = Debug|Any CPU
		{D291E8B1-B858-437D-97A0-20F6861F5A14}.Debug|Mixed Platforms.ActiveCfg = Debug|Any CPU
		{D291E8B1-B858-437D-97A0-20F6861F5A14}.Debug|Mixed Platforms.Build.0 = Debug|Any CPU
		{D291E8B1-B858-437D-97A0-20F6861F5A14}.Debug|x64.ActiveCfg = Debug|Any CPU
		{D291E8B1-B858-437D-97A0-20F6861F5A14}.Debug|x64.Build.0 = Debug|Any CPU
		{D291E8B1-B858-437D-97A0-20F6861F5A14}.Debug|x86.ActiveCfg = Debug|Any CPU
		{D291E8B1-B858-437D-97A0-20F6861F5A14}.Debug|x86.Build.0 = Debug|Any CPU
		{D291E8B1-B858-437D-97A0-20F6861F5A14}.Release|Any CPU.ActiveCfg = Release|Any CPU
		{D291E8B1-B858-437D-97A0-20F6861F5A14}.Release|Any CPU.Build.0 = Release|Any CPU
		{D291E8B1-B858-437D-97A0-20F6861F5A14}.Release|Mixed Platforms.ActiveCfg = Release|Any CPU
		{D291E8B1-B858-437D-97A0-20F6861F5A14}.Release|Mixed Platforms.Build.0 = Release|Any CPU
		{D291E8B1-B858-437D-97A0-20F6861F5A14}.Release|x64.ActiveCfg = Release|Any CPU
		{D291E8B1-B858-437D-97A0-20F6861F5A14}.Release|x64.Build.0 = Release|Any CPU
		{D291E8B1-B858-437D-97A0-20F6861F5A14}.Release|x86.ActiveCfg = Release|Any CPU
		{D291E8B1-B858-437D-97A0-20F6861F5A14}.Release|x86.Build.0 = Release|Any CPU
	EndGlobalSection
	GlobalSection(SolutionProperties) = preSolution
		HideSolutionNode = FALSE
	EndGlobalSection
	GlobalSection(NestedProjects) = preSolution
		{C67A973A-0B41-4925-ACFC-07516B1B20C8} = {B90DD973-DEF2-4803-8EC0-899DB257AA6E}
		{B06D4729-2FA4-48D0-B9FC-D871A42027D8} = {B90DD973-DEF2-4803-8EC0-899DB257AA6E}
		{C29DE218-7553-4124-A831-8ADC683FE2D2} = {C8BBB0DE-7CAE-4E50-8669-05CA0DB359E4}
		{755FA603-FB1E-41E0-AAF9-961A58A91B81} = {81EE3A36-D42F-4920-9A24-75F85FA73490}
		{FC2B9F69-99D8-4D7B-89CB-156962AF9A9C} = {3C6A51C4-E612-47E0-B1A5-5034DB7D96FE}
		{ED4C640D-C1E6-4214-8DA4-8B5AF2439A3A} = {C8BBB0DE-7CAE-4E50-8669-05CA0DB359E4}
		{499C9509-5D09-4A51-B606-861BEDD735A5} = {B90DD973-DEF2-4803-8EC0-899DB257AA6E}
		{0BEB3081-92F2-41E9-BC03-96BC0128101F} = {B90DD973-DEF2-4803-8EC0-899DB257AA6E}
		{8C8FFB12-99C8-4C62-8FFC-E754720D0D26} = {B90DD973-DEF2-4803-8EC0-899DB257AA6E}
		{60E60144-6F67-4F37-9EB0-B8C43A391C5C} = {B90DD973-DEF2-4803-8EC0-899DB257AA6E}
		{5338B18B-1781-418F-A1CC-9BD95A65A3BA} = {B90DD973-DEF2-4803-8EC0-899DB257AA6E}
		{CBDE9274-9D0B-4200-AACD-FC544B313675} = {B90DD973-DEF2-4803-8EC0-899DB257AA6E}
		{B3044F21-739C-4715-B897-8DE6536CA3A9} = {B90DD973-DEF2-4803-8EC0-899DB257AA6E}
		{10574E23-9A18-4986-8F21-60266C08F6C9} = {B90DD973-DEF2-4803-8EC0-899DB257AA6E}
		{322709A3-E8DC-43E9-98A9-3AB926665D32} = {B90DD973-DEF2-4803-8EC0-899DB257AA6E}
		{C8BBB0DE-7CAE-4E50-8669-05CA0DB359E4} = {B90DD973-DEF2-4803-8EC0-899DB257AA6E}
		{3C6A51C4-E612-47E0-B1A5-5034DB7D96FE} = {B90DD973-DEF2-4803-8EC0-899DB257AA6E}
		{81EE3A36-D42F-4920-9A24-75F85FA73490} = {B90DD973-DEF2-4803-8EC0-899DB257AA6E}
		{2509BD28-7AD9-4029-80FB-3BA11668A091} = {B90DD973-DEF2-4803-8EC0-899DB257AA6E}
		{62768C95-8CE2-4293-B977-E3219445CE42} = {B90DD973-DEF2-4803-8EC0-899DB257AA6E}
		{631AC093-430F-45F4-BA0C-AF0F0405918A} = {62768C95-8CE2-4293-B977-E3219445CE42}
		{C0FAF524-72E4-46F7-8C1B-A6B74DEC5EBE} = {62768C95-8CE2-4293-B977-E3219445CE42}
		{C6A8B9AE-0749-41C7-8FF9-02C156696F45} = {62768C95-8CE2-4293-B977-E3219445CE42}
	EndGlobalSection
	GlobalSection(ExtensibilityGlobals) = postSolution
		SolutionGuid = {7E072F8F-E85A-47E9-9EC9-552EC278EC70}
	EndGlobalSection
EndGlobal
