
Microsoft Visual Studio Solution File, Format Version 12.00
# Visual Studio 15
VisualStudioVersion = 15.0.28307.757
MinimumVisualStudioVersion = 10.0.40219.1
Project("{F184B08F-C81C-45F6-A57F-5ABD9991F28F}") = "B_File", "..\Common\B_File\B_File.vbproj", "{C67A973A-0B41-4925-ACFC-07516B1B20C8}"
EndProject
Project("{FAE04EC0-301F-11D3-BF4B-00C04F79EFBC}") = "FunnyApp", "FunnyApp.csproj", "{591AFB00-E4CA-4747-9429-45C9B2B6C262}"
EndProject
Project("{FAE04EC0-301F-11D3-BF4B-00C04F79EFBC}") = "FunnyApp_Run", "..\FunnyApp_Run\FunnyApp_Run.csproj", "{ED9F8649-70DE-4D5F-80CE-2D6FE0C8C39D}"
EndProject
Project("{F184B08F-C81C-45F6-A57F-5ABD9991F28F}") = "B_Math", "..\Common\B_Math\B_Math.vbproj", "{B06D4729-2FA4-48D0-B9FC-D871A42027D8}"
EndProject
Project("{2150E333-8FDC-42A3-9474-1A3956D46DE8}") = "Common", "Common", "{B90DD973-DEF2-4803-8EC0-899DB257AA6E}"
EndProject
Project("{F184B08F-C81C-45F6-A57F-5ABD9991F28F}") = "B_TreapVB", "..\Common\CommonTreapVB\B_TreapVB.vbproj", "{C29DE218-7553-4124-A831-8ADC683FE2D2}"
EndProject
Project("{F184B08F-C81C-45F6-A57F-5ABD9991F28F}") = "B_Data", "..\Common\B_Data\B_Data.vbproj", "{755FA603-FB1E-41E0-AAF9-961A58A91B81}"
EndProject
Project("{F184B08F-C81C-45F6-A57F-5ABD9991F28F}") = "B_String", "..\Common\B_String\B_String.vbproj", "{FC2B9F69-99D8-4D7B-89CB-156962AF9A9C}"
EndProject
Project("{F184B08F-C81C-45F6-A57F-5ABD9991F28F}") = "B_Array", "..\Common\B_Array\B_Array.vbproj", "{ED4C640D-C1E6-4214-8DA4-8B5AF2439A3A}"
EndProject
Project("{FAE04EC0-301F-11D3-BF4B-00C04F79EFBC}") = "ScriptDemo", "..\Common\ScriptDemo\ScriptDemo.csproj", "{660A13E3-6480-4FD6-8AA5-3D6D39487EBD}"
EndProject
Project("{F184B08F-C81C-45F6-A57F-5ABD9991F28F}") = "B_Net", "..\Common\B_Net\B_Net.vbproj", "{499C9509-5D09-4A51-B606-861BEDD735A5}"
EndProject
Project("{F184B08F-C81C-45F6-A57F-5ABD9991F28F}") = "B_Debug", "..\Common\B_Debug\B_Debug.vbproj", "{0BEB3081-92F2-41E9-BC03-96BC0128101F}"
EndProject
Project("{F184B08F-C81C-45F6-A57F-5ABD9991F28F}") = "B_XML", "..\Common\B_XML\B_XML.vbproj", "{8C8FFB12-99C8-4C62-8FFC-E754720D0D26}"
EndProject
Project("{FAE04EC0-301F-11D3-BF4B-00C04F79EFBC}") = "SharpSSH_happyli", "..\Common\SharpSSH\SharpSSH_happyli.csproj", "{60E60144-6F67-4F37-9EB0-B8C43A391C5C}"
EndProject
Project("{FAE04EC0-301F-11D3-BF4B-00C04F79EFBC}") = "ShellControl", "..\Common\ShellControl\ShellControl\ShellControl.csproj", "{5338B18B-1781-418F-A1CC-9BD95A65A3BA}"
EndProject
Project("{F184B08F-C81C-45F6-A57F-5ABD9991F28F}") = "B_IniFile", "..\Common\B_IniFile\B_IniFile.vbproj", "{CBDE9274-9D0B-4200-AACD-FC544B313675}"
EndProject
Project("{FAE04EC0-301F-11D3-BF4B-00C04F79EFBC}") = "Funny_App_Design", "..\FunnyApp_Design\Funny_App_Design.csproj", "{E637CBC9-C665-4042-BEE8-EA26F474EA14}"
EndProject
Project("{FAE04EC0-301F-11D3-BF4B-00C04F79EFBC}") = "SocketIOClient2", "..\SocketIOClient2\SocketIOClient2.csproj", "{04B406FE-F45A-4463-A567-D947688DD28F}"
EndProject
Global
	GlobalSection(SolutionConfigurationPlatforms) = preSolution
		Debug|Any CPU = Debug|Any CPU
		Debug|Mixed Platforms = Debug|Mixed Platforms
		Debug|x86 = Debug|x86
		Release|Any CPU = Release|Any CPU
		Release|Mixed Platforms = Release|Mixed Platforms
		Release|x86 = Release|x86
	EndGlobalSection
	GlobalSection(ProjectConfigurationPlatforms) = postSolution
		{C67A973A-0B41-4925-ACFC-07516B1B20C8}.Debug|Any CPU.ActiveCfg = Debug|Any CPU
		{C67A973A-0B41-4925-ACFC-07516B1B20C8}.Debug|Any CPU.Build.0 = Debug|Any CPU
		{C67A973A-0B41-4925-ACFC-07516B1B20C8}.Debug|Mixed Platforms.ActiveCfg = Debug|Any CPU
		{C67A973A-0B41-4925-ACFC-07516B1B20C8}.Debug|Mixed Platforms.Build.0 = Debug|Any CPU
		{C67A973A-0B41-4925-ACFC-07516B1B20C8}.Debug|x86.ActiveCfg = Debug|Any CPU
		{C67A973A-0B41-4925-ACFC-07516B1B20C8}.Debug|x86.Build.0 = Debug|Any CPU
		{C67A973A-0B41-4925-ACFC-07516B1B20C8}.Release|Any CPU.ActiveCfg = Release|Any CPU
		{C67A973A-0B41-4925-ACFC-07516B1B20C8}.Release|Any CPU.Build.0 = Release|Any CPU
		{C67A973A-0B41-4925-ACFC-07516B1B20C8}.Release|Mixed Platforms.ActiveCfg = Release|Any CPU
		{C67A973A-0B41-4925-ACFC-07516B1B20C8}.Release|Mixed Platforms.Build.0 = Release|Any CPU
		{C67A973A-0B41-4925-ACFC-07516B1B20C8}.Release|x86.ActiveCfg = Release|Any CPU
		{C67A973A-0B41-4925-ACFC-07516B1B20C8}.Release|x86.Build.0 = Release|Any CPU
		{591AFB00-E4CA-4747-9429-45C9B2B6C262}.Debug|Any CPU.ActiveCfg = Debug|Any CPU
		{591AFB00-E4CA-4747-9429-45C9B2B6C262}.Debug|Any CPU.Build.0 = Debug|Any CPU
		{591AFB00-E4CA-4747-9429-45C9B2B6C262}.Debug|Mixed Platforms.ActiveCfg = Debug|Any CPU
		{591AFB00-E4CA-4747-9429-45C9B2B6C262}.Debug|Mixed Platforms.Build.0 = Debug|Any CPU
		{591AFB00-E4CA-4747-9429-45C9B2B6C262}.Debug|x86.ActiveCfg = Debug|Any CPU
		{591AFB00-E4CA-4747-9429-45C9B2B6C262}.Debug|x86.Build.0 = Debug|Any CPU
		{591AFB00-E4CA-4747-9429-45C9B2B6C262}.Release|Any CPU.ActiveCfg = Release|Any CPU
		{591AFB00-E4CA-4747-9429-45C9B2B6C262}.Release|Any CPU.Build.0 = Release|Any CPU
		{591AFB00-E4CA-4747-9429-45C9B2B6C262}.Release|Mixed Platforms.ActiveCfg = Release|Any CPU
		{591AFB00-E4CA-4747-9429-45C9B2B6C262}.Release|Mixed Platforms.Build.0 = Release|Any CPU
		{591AFB00-E4CA-4747-9429-45C9B2B6C262}.Release|x86.ActiveCfg = Release|Any CPU
		{591AFB00-E4CA-4747-9429-45C9B2B6C262}.Release|x86.Build.0 = Release|Any CPU
		{ED9F8649-70DE-4D5F-80CE-2D6FE0C8C39D}.Debug|Any CPU.ActiveCfg = Debug|Any CPU
		{ED9F8649-70DE-4D5F-80CE-2D6FE0C8C39D}.Debug|Any CPU.Build.0 = Debug|Any CPU
		{ED9F8649-70DE-4D5F-80CE-2D6FE0C8C39D}.Debug|Mixed Platforms.ActiveCfg = Debug|Any CPU
		{ED9F8649-70DE-4D5F-80CE-2D6FE0C8C39D}.Debug|Mixed Platforms.Build.0 = Debug|Any CPU
		{ED9F8649-70DE-4D5F-80CE-2D6FE0C8C39D}.Debug|x86.ActiveCfg = Debug|Any CPU
		{ED9F8649-70DE-4D5F-80CE-2D6FE0C8C39D}.Debug|x86.Build.0 = Debug|Any CPU
		{ED9F8649-70DE-4D5F-80CE-2D6FE0C8C39D}.Release|Any CPU.ActiveCfg = Release|Any CPU
		{ED9F8649-70DE-4D5F-80CE-2D6FE0C8C39D}.Release|Any CPU.Build.0 = Release|Any CPU
		{ED9F8649-70DE-4D5F-80CE-2D6FE0C8C39D}.Release|Mixed Platforms.ActiveCfg = Release|Any CPU
		{ED9F8649-70DE-4D5F-80CE-2D6FE0C8C39D}.Release|Mixed Platforms.Build.0 = Release|Any CPU
		{ED9F8649-70DE-4D5F-80CE-2D6FE0C8C39D}.Release|x86.ActiveCfg = Release|Any CPU
		{ED9F8649-70DE-4D5F-80CE-2D6FE0C8C39D}.Release|x86.Build.0 = Release|Any CPU
		{B06D4729-2FA4-48D0-B9FC-D871A42027D8}.Debug|Any CPU.ActiveCfg = Debug|Any CPU
		{B06D4729-2FA4-48D0-B9FC-D871A42027D8}.Debug|Any CPU.Build.0 = Debug|Any CPU
		{B06D4729-2FA4-48D0-B9FC-D871A42027D8}.Debug|Mixed Platforms.ActiveCfg = Debug|Any CPU
		{B06D4729-2FA4-48D0-B9FC-D871A42027D8}.Debug|Mixed Platforms.Build.0 = Debug|Any CPU
		{B06D4729-2FA4-48D0-B9FC-D871A42027D8}.Debug|x86.ActiveCfg = Debug|Any CPU
		{B06D4729-2FA4-48D0-B9FC-D871A42027D8}.Debug|x86.Build.0 = Debug|Any CPU
		{B06D4729-2FA4-48D0-B9FC-D871A42027D8}.Release|Any CPU.ActiveCfg = Release|Any CPU
		{B06D4729-2FA4-48D0-B9FC-D871A42027D8}.Release|Any CPU.Build.0 = Release|Any CPU
		{B06D4729-2FA4-48D0-B9FC-D871A42027D8}.Release|Mixed Platforms.ActiveCfg = Release|Any CPU
		{B06D4729-2FA4-48D0-B9FC-D871A42027D8}.Release|Mixed Platforms.Build.0 = Release|Any CPU
		{B06D4729-2FA4-48D0-B9FC-D871A42027D8}.Release|x86.ActiveCfg = Release|Any CPU
		{B06D4729-2FA4-48D0-B9FC-D871A42027D8}.Release|x86.Build.0 = Release|Any CPU
		{C29DE218-7553-4124-A831-8ADC683FE2D2}.Debug|Any CPU.ActiveCfg = Debug|Any CPU
		{C29DE218-7553-4124-A831-8ADC683FE2D2}.Debug|Any CPU.Build.0 = Debug|Any CPU
		{C29DE218-7553-4124-A831-8ADC683FE2D2}.Debug|Mixed Platforms.ActiveCfg = Debug|Any CPU
		{C29DE218-7553-4124-A831-8ADC683FE2D2}.Debug|Mixed Platforms.Build.0 = Debug|Any CPU
		{C29DE218-7553-4124-A831-8ADC683FE2D2}.Debug|x86.ActiveCfg = Debug|Any CPU
		{C29DE218-7553-4124-A831-8ADC683FE2D2}.Debug|x86.Build.0 = Debug|Any CPU
		{C29DE218-7553-4124-A831-8ADC683FE2D2}.Release|Any CPU.ActiveCfg = Release|Any CPU
		{C29DE218-7553-4124-A831-8ADC683FE2D2}.Release|Any CPU.Build.0 = Release|Any CPU
		{C29DE218-7553-4124-A831-8ADC683FE2D2}.Release|Mixed Platforms.ActiveCfg = Release|Any CPU
		{C29DE218-7553-4124-A831-8ADC683FE2D2}.Release|Mixed Platforms.Build.0 = Release|Any CPU
		{C29DE218-7553-4124-A831-8ADC683FE2D2}.Release|x86.ActiveCfg = Release|Any CPU
		{C29DE218-7553-4124-A831-8ADC683FE2D2}.Release|x86.Build.0 = Release|Any CPU
		{755FA603-FB1E-41E0-AAF9-961A58A91B81}.Debug|Any CPU.ActiveCfg = Debug|Any CPU
		{755FA603-FB1E-41E0-AAF9-961A58A91B81}.Debug|Any CPU.Build.0 = Debug|Any CPU
		{755FA603-FB1E-41E0-AAF9-961A58A91B81}.Debug|Mixed Platforms.ActiveCfg = Debug|Any CPU
		{755FA603-FB1E-41E0-AAF9-961A58A91B81}.Debug|Mixed Platforms.Build.0 = Debug|Any CPU
		{755FA603-FB1E-41E0-AAF9-961A58A91B81}.Debug|x86.ActiveCfg = Debug|Any CPU
		{755FA603-FB1E-41E0-AAF9-961A58A91B81}.Debug|x86.Build.0 = Debug|Any CPU
		{755FA603-FB1E-41E0-AAF9-961A58A91B81}.Release|Any CPU.ActiveCfg = Release|Any CPU
		{755FA603-FB1E-41E0-AAF9-961A58A91B81}.Release|Any CPU.Build.0 = Release|Any CPU
		{755FA603-FB1E-41E0-AAF9-961A58A91B81}.Release|Mixed Platforms.ActiveCfg = Release|Any CPU
		{755FA603-FB1E-41E0-AAF9-961A58A91B81}.Release|Mixed Platforms.Build.0 = Release|Any CPU
		{755FA603-FB1E-41E0-AAF9-961A58A91B81}.Release|x86.ActiveCfg = Release|Any CPU
		{755FA603-FB1E-41E0-AAF9-961A58A91B81}.Release|x86.Build.0 = Release|Any CPU
		{FC2B9F69-99D8-4D7B-89CB-156962AF9A9C}.Debug|Any CPU.ActiveCfg = Debug|Any CPU
		{FC2B9F69-99D8-4D7B-89CB-156962AF9A9C}.Debug|Any CPU.Build.0 = Debug|Any CPU
		{FC2B9F69-99D8-4D7B-89CB-156962AF9A9C}.Debug|Mixed Platforms.ActiveCfg = Debug|Any CPU
		{FC2B9F69-99D8-4D7B-89CB-156962AF9A9C}.Debug|Mixed Platforms.Build.0 = Debug|Any CPU
		{FC2B9F69-99D8-4D7B-89CB-156962AF9A9C}.Debug|x86.ActiveCfg = Debug|Any CPU
		{FC2B9F69-99D8-4D7B-89CB-156962AF9A9C}.Debug|x86.Build.0 = Debug|Any CPU
		{FC2B9F69-99D8-4D7B-89CB-156962AF9A9C}.Release|Any CPU.ActiveCfg = Release|Any CPU
		{FC2B9F69-99D8-4D7B-89CB-156962AF9A9C}.Release|Any CPU.Build.0 = Release|Any CPU
		{FC2B9F69-99D8-4D7B-89CB-156962AF9A9C}.Release|Mixed Platforms.ActiveCfg = Release|Any CPU
		{FC2B9F69-99D8-4D7B-89CB-156962AF9A9C}.Release|Mixed Platforms.Build.0 = Release|Any CPU
		{FC2B9F69-99D8-4D7B-89CB-156962AF9A9C}.Release|x86.ActiveCfg = Release|Any CPU
		{FC2B9F69-99D8-4D7B-89CB-156962AF9A9C}.Release|x86.Build.0 = Release|Any CPU
		{ED4C640D-C1E6-4214-8DA4-8B5AF2439A3A}.Debug|Any CPU.ActiveCfg = Debug|Any CPU
		{ED4C640D-C1E6-4214-8DA4-8B5AF2439A3A}.Debug|Any CPU.Build.0 = Debug|Any CPU
		{ED4C640D-C1E6-4214-8DA4-8B5AF2439A3A}.Debug|Mixed Platforms.ActiveCfg = Debug|Any CPU
		{ED4C640D-C1E6-4214-8DA4-8B5AF2439A3A}.Debug|Mixed Platforms.Build.0 = Debug|Any CPU
		{ED4C640D-C1E6-4214-8DA4-8B5AF2439A3A}.Debug|x86.ActiveCfg = Debug|Any CPU
		{ED4C640D-C1E6-4214-8DA4-8B5AF2439A3A}.Debug|x86.Build.0 = Debug|Any CPU
		{ED4C640D-C1E6-4214-8DA4-8B5AF2439A3A}.Release|Any CPU.ActiveCfg = Release|Any CPU
		{ED4C640D-C1E6-4214-8DA4-8B5AF2439A3A}.Release|Any CPU.Build.0 = Release|Any CPU
		{ED4C640D-C1E6-4214-8DA4-8B5AF2439A3A}.Release|Mixed Platforms.ActiveCfg = Release|Any CPU
		{ED4C640D-C1E6-4214-8DA4-8B5AF2439A3A}.Release|Mixed Platforms.Build.0 = Release|Any CPU
		{ED4C640D-C1E6-4214-8DA4-8B5AF2439A3A}.Release|x86.ActiveCfg = Release|Any CPU
		{ED4C640D-C1E6-4214-8DA4-8B5AF2439A3A}.Release|x86.Build.0 = Release|Any CPU
		{660A13E3-6480-4FD6-8AA5-3D6D39487EBD}.Debug|Any CPU.ActiveCfg = Debug|Any CPU
		{660A13E3-6480-4FD6-8AA5-3D6D39487EBD}.Debug|Any CPU.Build.0 = Debug|Any CPU
		{660A13E3-6480-4FD6-8AA5-3D6D39487EBD}.Debug|Mixed Platforms.ActiveCfg = Debug|Any CPU
		{660A13E3-6480-4FD6-8AA5-3D6D39487EBD}.Debug|Mixed Platforms.Build.0 = Debug|Any CPU
		{660A13E3-6480-4FD6-8AA5-3D6D39487EBD}.Debug|x86.ActiveCfg = Debug|Any CPU
		{660A13E3-6480-4FD6-8AA5-3D6D39487EBD}.Debug|x86.Build.0 = Debug|Any CPU
		{660A13E3-6480-4FD6-8AA5-3D6D39487EBD}.Release|Any CPU.ActiveCfg = Release|Any CPU
		{660A13E3-6480-4FD6-8AA5-3D6D39487EBD}.Release|Any CPU.Build.0 = Release|Any CPU
		{660A13E3-6480-4FD6-8AA5-3D6D39487EBD}.Release|Mixed Platforms.ActiveCfg = Release|Any CPU
		{660A13E3-6480-4FD6-8AA5-3D6D39487EBD}.Release|Mixed Platforms.Build.0 = Release|Any CPU
		{660A13E3-6480-4FD6-8AA5-3D6D39487EBD}.Release|x86.ActiveCfg = Release|Any CPU
		{660A13E3-6480-4FD6-8AA5-3D6D39487EBD}.Release|x86.Build.0 = Release|Any CPU
		{499C9509-5D09-4A51-B606-861BEDD735A5}.Debug|Any CPU.ActiveCfg = Debug|Any CPU
		{499C9509-5D09-4A51-B606-861BEDD735A5}.Debug|Any CPU.Build.0 = Debug|Any CPU
		{499C9509-5D09-4A51-B606-861BEDD735A5}.Debug|Mixed Platforms.ActiveCfg = Debug|Any CPU
		{499C9509-5D09-4A51-B606-861BEDD735A5}.Debug|Mixed Platforms.Build.0 = Debug|Any CPU
		{499C9509-5D09-4A51-B606-861BEDD735A5}.Debug|x86.ActiveCfg = Debug|Any CPU
		{499C9509-5D09-4A51-B606-861BEDD735A5}.Debug|x86.Build.0 = Debug|Any CPU
		{499C9509-5D09-4A51-B606-861BEDD735A5}.Release|Any CPU.ActiveCfg = Release|Any CPU
		{499C9509-5D09-4A51-B606-861BEDD735A5}.Release|Any CPU.Build.0 = Release|Any CPU
		{499C9509-5D09-4A51-B606-861BEDD735A5}.Release|Mixed Platforms.ActiveCfg = Release|Any CPU
		{499C9509-5D09-4A51-B606-861BEDD735A5}.Release|Mixed Platforms.Build.0 = Release|Any CPU
		{499C9509-5D09-4A51-B606-861BEDD735A5}.Release|x86.ActiveCfg = Release|Any CPU
		{499C9509-5D09-4A51-B606-861BEDD735A5}.Release|x86.Build.0 = Release|Any CPU
		{0BEB3081-92F2-41E9-BC03-96BC0128101F}.Debug|Any CPU.ActiveCfg = Debug|Any CPU
		{0BEB3081-92F2-41E9-BC03-96BC0128101F}.Debug|Any CPU.Build.0 = Debug|Any CPU
		{0BEB3081-92F2-41E9-BC03-96BC0128101F}.Debug|Mixed Platforms.ActiveCfg = Debug|Any CPU
		{0BEB3081-92F2-41E9-BC03-96BC0128101F}.Debug|Mixed Platforms.Build.0 = Debug|Any CPU
		{0BEB3081-92F2-41E9-BC03-96BC0128101F}.Debug|x86.ActiveCfg = Debug|Any CPU
		{0BEB3081-92F2-41E9-BC03-96BC0128101F}.Debug|x86.Build.0 = Debug|Any CPU
		{0BEB3081-92F2-41E9-BC03-96BC0128101F}.Release|Any CPU.ActiveCfg = Release|Any CPU
		{0BEB3081-92F2-41E9-BC03-96BC0128101F}.Release|Any CPU.Build.0 = Release|Any CPU
		{0BEB3081-92F2-41E9-BC03-96BC0128101F}.Release|Mixed Platforms.ActiveCfg = Release|Any CPU
		{0BEB3081-92F2-41E9-BC03-96BC0128101F}.Release|Mixed Platforms.Build.0 = Release|Any CPU
		{0BEB3081-92F2-41E9-BC03-96BC0128101F}.Release|x86.ActiveCfg = Release|Any CPU
		{0BEB3081-92F2-41E9-BC03-96BC0128101F}.Release|x86.Build.0 = Release|Any CPU
		{8C8FFB12-99C8-4C62-8FFC-E754720D0D26}.Debug|Any CPU.ActiveCfg = Debug|Any CPU
		{8C8FFB12-99C8-4C62-8FFC-E754720D0D26}.Debug|Any CPU.Build.0 = Debug|Any CPU
		{8C8FFB12-99C8-4C62-8FFC-E754720D0D26}.Debug|Mixed Platforms.ActiveCfg = Debug|Any CPU
		{8C8FFB12-99C8-4C62-8FFC-E754720D0D26}.Debug|Mixed Platforms.Build.0 = Debug|Any CPU
		{8C8FFB12-99C8-4C62-8FFC-E754720D0D26}.Debug|x86.ActiveCfg = Debug|Any CPU
		{8C8FFB12-99C8-4C62-8FFC-E754720D0D26}.Debug|x86.Build.0 = Debug|Any CPU
		{8C8FFB12-99C8-4C62-8FFC-E754720D0D26}.Release|Any CPU.ActiveCfg = Release|Any CPU
		{8C8FFB12-99C8-4C62-8FFC-E754720D0D26}.Release|Any CPU.Build.0 = Release|Any CPU
		{8C8FFB12-99C8-4C62-8FFC-E754720D0D26}.Release|Mixed Platforms.ActiveCfg = Release|Any CPU
		{8C8FFB12-99C8-4C62-8FFC-E754720D0D26}.Release|Mixed Platforms.Build.0 = Release|Any CPU
		{8C8FFB12-99C8-4C62-8FFC-E754720D0D26}.Release|x86.ActiveCfg = Release|Any CPU
		{8C8FFB12-99C8-4C62-8FFC-E754720D0D26}.Release|x86.Build.0 = Release|Any CPU
		{60E60144-6F67-4F37-9EB0-B8C43A391C5C}.Debug|Any CPU.ActiveCfg = Debug|Any CPU
		{60E60144-6F67-4F37-9EB0-B8C43A391C5C}.Debug|Any CPU.Build.0 = Debug|Any CPU
		{60E60144-6F67-4F37-9EB0-B8C43A391C5C}.Debug|Mixed Platforms.ActiveCfg = Debug|x86
		{60E60144-6F67-4F37-9EB0-B8C43A391C5C}.Debug|Mixed Platforms.Build.0 = Debug|x86
		{60E60144-6F67-4F37-9EB0-B8C43A391C5C}.Debug|x86.ActiveCfg = Debug|x86
		{60E60144-6F67-4F37-9EB0-B8C43A391C5C}.Debug|x86.Build.0 = Debug|x86
		{60E60144-6F67-4F37-9EB0-B8C43A391C5C}.Release|Any CPU.ActiveCfg = Release|Any CPU
		{60E60144-6F67-4F37-9EB0-B8C43A391C5C}.Release|Any CPU.Build.0 = Release|Any CPU
		{60E60144-6F67-4F37-9EB0-B8C43A391C5C}.Release|Mixed Platforms.ActiveCfg = Release|x86
		{60E60144-6F67-4F37-9EB0-B8C43A391C5C}.Release|Mixed Platforms.Build.0 = Release|x86
		{60E60144-6F67-4F37-9EB0-B8C43A391C5C}.Release|x86.ActiveCfg = Release|x86
		{60E60144-6F67-4F37-9EB0-B8C43A391C5C}.Release|x86.Build.0 = Release|x86
		{5338B18B-1781-418F-A1CC-9BD95A65A3BA}.Debug|Any CPU.ActiveCfg = Debug|Any CPU
		{5338B18B-1781-418F-A1CC-9BD95A65A3BA}.Debug|Any CPU.Build.0 = Debug|Any CPU
		{5338B18B-1781-418F-A1CC-9BD95A65A3BA}.Debug|Mixed Platforms.ActiveCfg = Debug|x86
		{5338B18B-1781-418F-A1CC-9BD95A65A3BA}.Debug|Mixed Platforms.Build.0 = Debug|x86
		{5338B18B-1781-418F-A1CC-9BD95A65A3BA}.Debug|x86.ActiveCfg = Debug|x86
		{5338B18B-1781-418F-A1CC-9BD95A65A3BA}.Debug|x86.Build.0 = Debug|x86
		{5338B18B-1781-418F-A1CC-9BD95A65A3BA}.Release|Any CPU.ActiveCfg = Release|Any CPU
		{5338B18B-1781-418F-A1CC-9BD95A65A3BA}.Release|Any CPU.Build.0 = Release|Any CPU
		{5338B18B-1781-418F-A1CC-9BD95A65A3BA}.Release|Mixed Platforms.ActiveCfg = Release|x86
		{5338B18B-1781-418F-A1CC-9BD95A65A3BA}.Release|Mixed Platforms.Build.0 = Release|x86
		{5338B18B-1781-418F-A1CC-9BD95A65A3BA}.Release|x86.ActiveCfg = Release|x86
		{5338B18B-1781-418F-A1CC-9BD95A65A3BA}.Release|x86.Build.0 = Release|x86
		{CBDE9274-9D0B-4200-AACD-FC544B313675}.Debug|Any CPU.ActiveCfg = Debug|Any CPU
		{CBDE9274-9D0B-4200-AACD-FC544B313675}.Debug|Any CPU.Build.0 = Debug|Any CPU
		{CBDE9274-9D0B-4200-AACD-FC544B313675}.Debug|Mixed Platforms.ActiveCfg = Debug|Any CPU
		{CBDE9274-9D0B-4200-AACD-FC544B313675}.Debug|Mixed Platforms.Build.0 = Debug|Any CPU
		{CBDE9274-9D0B-4200-AACD-FC544B313675}.Debug|x86.ActiveCfg = Debug|Any CPU
		{CBDE9274-9D0B-4200-AACD-FC544B313675}.Debug|x86.Build.0 = Debug|Any CPU
		{CBDE9274-9D0B-4200-AACD-FC544B313675}.Release|Any CPU.ActiveCfg = Release|Any CPU
		{CBDE9274-9D0B-4200-AACD-FC544B313675}.Release|Any CPU.Build.0 = Release|Any CPU
		{CBDE9274-9D0B-4200-AACD-FC544B313675}.Release|Mixed Platforms.ActiveCfg = Release|Any CPU
		{CBDE9274-9D0B-4200-AACD-FC544B313675}.Release|Mixed Platforms.Build.0 = Release|Any CPU
		{CBDE9274-9D0B-4200-AACD-FC544B313675}.Release|x86.ActiveCfg = Release|Any CPU
		{CBDE9274-9D0B-4200-AACD-FC544B313675}.Release|x86.Build.0 = Release|Any CPU
		{E637CBC9-C665-4042-BEE8-EA26F474EA14}.Debug|Any CPU.ActiveCfg = Debug|Any CPU
		{E637CBC9-C665-4042-BEE8-EA26F474EA14}.Debug|Any CPU.Build.0 = Debug|Any CPU
		{E637CBC9-C665-4042-BEE8-EA26F474EA14}.Debug|Mixed Platforms.ActiveCfg = Debug|Any CPU
		{E637CBC9-C665-4042-BEE8-EA26F474EA14}.Debug|Mixed Platforms.Build.0 = Debug|Any CPU
		{E637CBC9-C665-4042-BEE8-EA26F474EA14}.Debug|x86.ActiveCfg = Debug|Any CPU
		{E637CBC9-C665-4042-BEE8-EA26F474EA14}.Debug|x86.Build.0 = Debug|Any CPU
		{E637CBC9-C665-4042-BEE8-EA26F474EA14}.Release|Any CPU.ActiveCfg = Release|Any CPU
		{E637CBC9-C665-4042-BEE8-EA26F474EA14}.Release|Any CPU.Build.0 = Release|Any CPU
		{E637CBC9-C665-4042-BEE8-EA26F474EA14}.Release|Mixed Platforms.ActiveCfg = Release|Any CPU
		{E637CBC9-C665-4042-BEE8-EA26F474EA14}.Release|Mixed Platforms.Build.0 = Release|Any CPU
		{E637CBC9-C665-4042-BEE8-EA26F474EA14}.Release|x86.ActiveCfg = Release|Any CPU
		{E637CBC9-C665-4042-BEE8-EA26F474EA14}.Release|x86.Build.0 = Release|Any CPU
		{04B406FE-F45A-4463-A567-D947688DD28F}.Debug|Any CPU.ActiveCfg = Debug|Any CPU
		{04B406FE-F45A-4463-A567-D947688DD28F}.Debug|Any CPU.Build.0 = Debug|Any CPU
		{04B406FE-F45A-4463-A567-D947688DD28F}.Debug|Mixed Platforms.ActiveCfg = Debug|Any CPU
		{04B406FE-F45A-4463-A567-D947688DD28F}.Debug|Mixed Platforms.Build.0 = Debug|Any CPU
		{04B406FE-F45A-4463-A567-D947688DD28F}.Debug|x86.ActiveCfg = Debug|Any CPU
		{04B406FE-F45A-4463-A567-D947688DD28F}.Debug|x86.Build.0 = Debug|Any CPU
		{04B406FE-F45A-4463-A567-D947688DD28F}.Release|Any CPU.ActiveCfg = Release|Any CPU
		{04B406FE-F45A-4463-A567-D947688DD28F}.Release|Any CPU.Build.0 = Release|Any CPU
		{04B406FE-F45A-4463-A567-D947688DD28F}.Release|Mixed Platforms.ActiveCfg = Release|Any CPU
		{04B406FE-F45A-4463-A567-D947688DD28F}.Release|Mixed Platforms.Build.0 = Release|Any CPU
		{04B406FE-F45A-4463-A567-D947688DD28F}.Release|x86.ActiveCfg = Release|Any CPU
		{04B406FE-F45A-4463-A567-D947688DD28F}.Release|x86.Build.0 = Release|Any CPU
	EndGlobalSection
	GlobalSection(SolutionProperties) = preSolution
		HideSolutionNode = FALSE
	EndGlobalSection
	GlobalSection(NestedProjects) = preSolution
		{C67A973A-0B41-4925-ACFC-07516B1B20C8} = {B90DD973-DEF2-4803-8EC0-899DB257AA6E}
		{B06D4729-2FA4-48D0-B9FC-D871A42027D8} = {B90DD973-DEF2-4803-8EC0-899DB257AA6E}
		{C29DE218-7553-4124-A831-8ADC683FE2D2} = {B90DD973-DEF2-4803-8EC0-899DB257AA6E}
		{755FA603-FB1E-41E0-AAF9-961A58A91B81} = {B90DD973-DEF2-4803-8EC0-899DB257AA6E}
		{FC2B9F69-99D8-4D7B-89CB-156962AF9A9C} = {B90DD973-DEF2-4803-8EC0-899DB257AA6E}
		{ED4C640D-C1E6-4214-8DA4-8B5AF2439A3A} = {B90DD973-DEF2-4803-8EC0-899DB257AA6E}
		{499C9509-5D09-4A51-B606-861BEDD735A5} = {B90DD973-DEF2-4803-8EC0-899DB257AA6E}
		{0BEB3081-92F2-41E9-BC03-96BC0128101F} = {B90DD973-DEF2-4803-8EC0-899DB257AA6E}
		{8C8FFB12-99C8-4C62-8FFC-E754720D0D26} = {B90DD973-DEF2-4803-8EC0-899DB257AA6E}
		{60E60144-6F67-4F37-9EB0-B8C43A391C5C} = {B90DD973-DEF2-4803-8EC0-899DB257AA6E}
		{5338B18B-1781-418F-A1CC-9BD95A65A3BA} = {B90DD973-DEF2-4803-8EC0-899DB257AA6E}
		{CBDE9274-9D0B-4200-AACD-FC544B313675} = {B90DD973-DEF2-4803-8EC0-899DB257AA6E}
	EndGlobalSection
	GlobalSection(ExtensibilityGlobals) = postSolution
		SolutionGuid = {7E072F8F-E85A-47E9-9EC9-552EC278EC70}
	EndGlobalSection
EndGlobal
