
Microsoft Visual Studio Solution File, Format Version 10.00
# Visual Studio 2008
Project("{F184B08F-C81C-45F6-A57F-5ABD9991F28F}") = "B_Segmentation", "B_Segmentation.vbproj", "{322709A3-E8DC-43E9-98A9-3AB926665D32}"
EndProject
Global
	GlobalSection(SolutionConfigurationPlatforms) = preSolution
		Debug|Any CPU = Debug|Any CPU
		Release|Any CPU = Release|Any CPU
	EndGlobalSection
	GlobalSection(ProjectConfigurationPlatforms) = postSolution
		{322709A3-E8DC-43E9-98A9-3AB926665D32}.Debug|Any CPU.ActiveCfg = Debug|Any CPU
		{322709A3-E8DC-43E9-98A9-3AB926665D32}.Debug|Any CPU.Build.0 = Debug|Any CPU
		{322709A3-E8DC-43E9-98A9-3AB926665D32}.Release|Any CPU.ActiveCfg = Release|Any CPU
		{322709A3-E8DC-43E9-98A9-3AB926665D32}.Release|Any CPU.Build.0 = Release|Any CPU
	EndGlobalSection
	GlobalSection(SolutionProperties) = preSolution
		HideSolutionNode = FALSE
	EndGlobalSection
EndGlobal
